// !$*UTF8*$!
{
	archiveVersion = 1;
	classes = {
	};
	objectVersion = 46;
	objects = {

/* Begin PBXBuildFile section */
		145CB29182DB4F0AAA9938A5 /* Pods_ZPhoto.framework in Frameworks */ = {isa = PBXBuildFile; fileRef = C3DC2C47179960654978B376 /* Pods_ZPhoto.framework */; };
		98241BAC04E07F46FB3C46B9 /* Pods_ZPhotoUITests.framework in Frameworks */ = {isa = PBXBuildFile; fileRef = 7042D7829B9755B5B7962526 /* Pods_ZPhotoUITests.framework */; };
		9C36B15B36D139A215D21F3F /* Pods_ZPhotoTests.framework in Frameworks */ = {isa = PBXBuildFile; fileRef = 181C107C9934F489C91866C4 /* Pods_ZPhotoTests.framework */; };
		9E07234B22D71CFF00E5068A /* SPSetVC.swift in Sources */ = {isa = PBXBuildFile; fileRef = 9E07234A22D71CFF00E5068A /* SPSetVC.swift */; };
		9E07234D22D722DA00E5068A /* SPSetModel.swift in Sources */ = {isa = PBXBuildFile; fileRef = 9E07234C22D722DA00E5068A /* SPSetModel.swift */; };
		9E07234F22D9770000E5068A /* SPPhotoSplicingNine.swift in Sources */ = {isa = PBXBuildFile; fileRef = 9E07234E22D9770000E5068A /* SPPhotoSplicingNine.swift */; };
		9E2D909F225C849600299C15 /* SPPhotoVC.swift in Sources */ = {isa = PBXBuildFile; fileRef = 9E2D9091225C849500299C15 /* SPPhotoVC.swift */; };
		9E2D90A0225C849600299C15 /* SPPhotoSelectVC.swift in Sources */ = {isa = PBXBuildFile; fileRef = 9E2D9092225C849500299C15 /* SPPhotoSelectVC.swift */; };
		9E2D90A1225C849600299C15 /* SPCameraVC.swift in Sources */ = {isa = PBXBuildFile; fileRef = 9E2D9093225C849500299C15 /* SPCameraVC.swift */; };
		9E2D90A2225C849600299C15 /* SPPhotoSplicingVC.swift in Sources */ = {isa = PBXBuildFile; fileRef = 9E2D9094225C849500299C15 /* SPPhotoSplicingVC.swift */; };
		9E2D90A3225C849600299C15 /* SPPhotoEditVC.swift in Sources */ = {isa = PBXBuildFile; fileRef = 9E2D9095225C849500299C15 /* SPPhotoEditVC.swift */; };
		9E2D90A4225C849600299C15 /* SPPhotoBrowseVC.swift in Sources */ = {isa = PBXBuildFile; fileRef = 9E2D9096225C849500299C15 /* SPPhotoBrowseVC.swift */; };
		9E2D90A5225C849600299C15 /* SPPhotoListVC.swift in Sources */ = {isa = PBXBuildFile; fileRef = 9E2D9097225C849500299C15 /* SPPhotoListVC.swift */; };
		9E2D90A6225C849600299C15 /* SPCameraManager.swift in Sources */ = {isa = PBXBuildFile; fileRef = 9E2D9099225C849500299C15 /* SPCameraManager.swift */; };
		9E2D90A7225C849600299C15 /* SPPhotoHelp.swift in Sources */ = {isa = PBXBuildFile; fileRef = 9E2D909A225C849500299C15 /* SPPhotoHelp.swift */; };
		9E2D90A8225C849600299C15 /* SPPhotoModel.swift in Sources */ = {isa = PBXBuildFile; fileRef = 9E2D909B225C849500299C15 /* SPPhotoModel.swift */; };
		9E2D90A9225C849600299C15 /* SPCameraBtnView.swift in Sources */ = {isa = PBXBuildFile; fileRef = 9E2D909D225C849500299C15 /* SPCameraBtnView.swift */; };
		9E2D90AA225C849600299C15 /* SPPhotoListCollectionCell.swift in Sources */ = {isa = PBXBuildFile; fileRef = 9E2D909E225C849500299C15 /* SPPhotoListCollectionCell.swift */; };
		9E3E165822FD4C5300BF48E9 /* SPPhotoSplicingEight.swift in Sources */ = {isa = PBXBuildFile; fileRef = 9E3E165722FD4C5300BF48E9 /* SPPhotoSplicingEight.swift */; };
		9E3E165A22FD7D0E00BF48E9 /* SPPhotoSplicingSeven.swift in Sources */ = {isa = PBXBuildFile; fileRef = 9E3E165922FD7D0E00BF48E9 /* SPPhotoSplicingSeven.swift */; };
		9E3E165C22FD7F6800BF48E9 /* SPPhotoSplicingSix.swift in Sources */ = {isa = PBXBuildFile; fileRef = 9E3E165B22FD7F6800BF48E9 /* SPPhotoSplicingSix.swift */; };
		9E3E165E22FD7F7300BF48E9 /* SPPhotoSplicingFive.swift in Sources */ = {isa = PBXBuildFile; fileRef = 9E3E165D22FD7F7300BF48E9 /* SPPhotoSplicingFive.swift */; };
		9E3E166022FD7F7A00BF48E9 /* SPPhotoSplicingFour.swift in Sources */ = {isa = PBXBuildFile; fileRef = 9E3E165F22FD7F7A00BF48E9 /* SPPhotoSplicingFour.swift */; };
		9E3E166222FD7F8200BF48E9 /* SPPhotoSplicingThree.swift in Sources */ = {isa = PBXBuildFile; fileRef = 9E3E166122FD7F8200BF48E9 /* SPPhotoSplicingThree.swift */; };
		9E3E166422FD7F8900BF48E9 /* SPPhotoSplicingTwo.swift in Sources */ = {isa = PBXBuildFile; fileRef = 9E3E166322FD7F8900BF48E9 /* SPPhotoSplicingTwo.swift */; };
		9E3E166722FE601100BF48E9 /* SPColor.plist in Resources */ = {isa = PBXBuildFile; fileRef = 9E3E166622FE601100BF48E9 /* SPColor.plist */; };
		9E464ACD22BCC7D400F2E6DE /* SPLayoutView.swift in Sources */ = {isa = PBXBuildFile; fileRef = 9E464ACC22BCC7D400F2E6DE /* SPLayoutView.swift */; };
		9E464ACF22C063E700F2E6DE /* SPPhotoSplicingHelp.swift in Sources */ = {isa = PBXBuildFile; fileRef = 9E464ACE22C063E700F2E6DE /* SPPhotoSplicingHelp.swift */; };
		9E5E27AF22C4C2C4006F9E66 /* SPBackgroundView.swift in Sources */ = {isa = PBXBuildFile; fileRef = 9E5E27AE22C4C2C4006F9E66 /* SPBackgroundView.swift */; };
		9E622E18225D8EAB00722FD8 /* SPCustomPictureView.swift in Sources */ = {isa = PBXBuildFile; fileRef = 9E622E17225D8EAB00722FD8 /* SPCustomPictureView.swift */; };
		9E6A5027228AAD520021D17F /* SPTmpVC.swift in Sources */ = {isa = PBXBuildFile; fileRef = 9E6A5026228AAD520021D17F /* SPTmpVC.swift */; };
		9E7168A61F659B8400BB7C01 /* SPFilterModel.swift in Sources */ = {isa = PBXBuildFile; fileRef = 9E7168A51F659B8400BB7C01 /* SPFilterModel.swift */; };
		9E7168A81F659F5A00BB7C01 /* SPFilterEnum.swift in Sources */ = {isa = PBXBuildFile; fileRef = 9E7168A71F659F5A00BB7C01 /* SPFilterEnum.swift */; };
		9E71FDFF227EEF0A00C588C5 /* SPToolModel.swift in Sources */ = {isa = PBXBuildFile; fileRef = 9E71FDFE227EEF0A00C588C5 /* SPToolModel.swift */; };
		9E7226701E8972B4001BB9A9 /* AppDelegate.swift in Sources */ = {isa = PBXBuildFile; fileRef = 9E72266F1E8972B4001BB9A9 /* AppDelegate.swift */; };
		9E7226771E8972B4001BB9A9 /* Assets.xcassets in Resources */ = {isa = PBXBuildFile; fileRef = 9E7226761E8972B4001BB9A9 /* Assets.xcassets */; };
		9E7226851E8972B4001BB9A9 /* ZPhotoTests.swift in Sources */ = {isa = PBXBuildFile; fileRef = 9E7226841E8972B4001BB9A9 /* ZPhotoTests.swift */; };
		9E7226901E8972B4001BB9A9 /* ZPhotoUITests.swift in Sources */ = {isa = PBXBuildFile; fileRef = 9E72268F1E8972B4001BB9A9 /* ZPhotoUITests.swift */; };
		9E774E05209A0C2C0071493B /* Localizable.strings in Resources */ = {isa = PBXBuildFile; fileRef = 9E774E07209A0C2C0071493B /* Localizable.strings */; };
		9E774E0D209A147D0071493B /* InfoPlist.strings in Resources */ = {isa = PBXBuildFile; fileRef = 9E774E0F209A147D0071493B /* InfoPlist.strings */; };
		9E7B1BCA23040A2E00146422 /* SPLongGraphVC.swift in Sources */ = {isa = PBXBuildFile; fileRef = 9E7B1BC923040A2E00146422 /* SPLongGraphVC.swift */; };
		9EA4432223176FA500B4E1FE /* SPPhotoToolView.swift in Sources */ = {isa = PBXBuildFile; fileRef = 9EA4432123176FA500B4E1FE /* SPPhotoToolView.swift */; };
		9EA443262317BBF700B4E1FE /* SPLongGraphLayoutView.swift in Sources */ = {isa = PBXBuildFile; fileRef = 9EA443252317BBF700B4E1FE /* SPLongGraphLayoutView.swift */; };
		9EA443282317C57100B4E1FE /* SPPhotoFrameView.swift in Sources */ = {isa = PBXBuildFile; fileRef = 9EA443272317C57100B4E1FE /* SPPhotoFrameView.swift */; };
		9EA4432A2317D00B00B4E1FE /* SPTextView.swift in Sources */ = {isa = PBXBuildFile; fileRef = 9EA443292317D00B00B4E1FE /* SPTextView.swift */; };
		9EA4432C2317D06000B4E1FE /* SPTextToolView.swift in Sources */ = {isa = PBXBuildFile; fileRef = 9EA4432B2317D06000B4E1FE /* SPTextToolView.swift */; };
		9EA4432E231CAE1700B4E1FE /* SPTextEditView.swift in Sources */ = {isa = PBXBuildFile; fileRef = 9EA4432D231CAE1700B4E1FE /* SPTextEditView.swift */; };
		9EA44332231D1CF000B4E1FE /* SPColorView.swift in Sources */ = {isa = PBXBuildFile; fileRef = 9EA4432F231D1CF000B4E1FE /* SPColorView.swift */; };
		9EA44333231D1CF000B4E1FE /* SPSliderView.swift in Sources */ = {isa = PBXBuildFile; fileRef = 9EA44330231D1CF000B4E1FE /* SPSliderView.swift */; };
		9EA44334231D1CF000B4E1FE /* SPFontNameView.swift in Sources */ = {isa = PBXBuildFile; fileRef = 9EA44331231D1CF000B4E1FE /* SPFontNameView.swift */; };
		9EA44336231D20E300B4E1FE /* SPFilmVC.swift in Sources */ = {isa = PBXBuildFile; fileRef = 9EA44335231D20E300B4E1FE /* SPFilmVC.swift */; };
		9EA44338231DF64900B4E1FE /* SPFilmManager.swift in Sources */ = {isa = PBXBuildFile; fileRef = 9EA44337231DF64900B4E1FE /* SPFilmManager.swift */; };
		9EAD4B9822C74973007D7BB3 /* SPVideoVC.swift in Sources */ = {isa = PBXBuildFile; fileRef = 9EAD4B8822C74972007D7BB3 /* SPVideoVC.swift */; };
		9EAD4B9922C74973007D7BB3 /* SPVideoUpendVC.swift in Sources */ = {isa = PBXBuildFile; fileRef = 9EAD4B8922C74972007D7BB3 /* SPVideoUpendVC.swift */; };
		9EAD4B9A22C74973007D7BB3 /* SPRecordVideoVC.swift in Sources */ = {isa = PBXBuildFile; fileRef = 9EAD4B8A22C74972007D7BB3 /* SPRecordVideoVC.swift */; };
		9EAD4B9B22C74973007D7BB3 /* SPVideoListVC.swift in Sources */ = {isa = PBXBuildFile; fileRef = 9EAD4B8B22C74972007D7BB3 /* SPVideoListVC.swift */; };
		9EAD4B9C22C74973007D7BB3 /* SPVideoPlayVC.swift in Sources */ = {isa = PBXBuildFile; fileRef = 9EAD4B8C22C74972007D7BB3 /* SPVideoPlayVC.swift */; };
		9EAD4B9D22C74973007D7BB3 /* SPVideoEditVC.swift in Sources */ = {isa = PBXBuildFile; fileRef = 9EAD4B8D22C74972007D7BB3 /* SPVideoEditVC.swift */; };
		9EAD4B9E22C74973007D7BB3 /* SPRecordVideoData.swift in Sources */ = {isa = PBXBuildFile; fileRef = 9EAD4B8F22C74972007D7BB3 /* SPRecordVideoData.swift */; };
		9EAD4B9F22C74973007D7BB3 /* SPRecordVideoManager.swift in Sources */ = {isa = PBXBuildFile; fileRef = 9EAD4B9022C74972007D7BB3 /* SPRecordVideoManager.swift */; };
		9EAD4BA022C74973007D7BB3 /* SPVideoModel.swift in Sources */ = {isa = PBXBuildFile; fileRef = 9EAD4B9122C74972007D7BB3 /* SPVideoModel.swift */; };
		9EAD4BA122C74973007D7BB3 /* SPVideoHelp.swift in Sources */ = {isa = PBXBuildFile; fileRef = 9EAD4B9222C74972007D7BB3 /* SPVideoHelp.swift */; };
		9EAD4BA222C74973007D7BB3 /* SPVideoScheduleView.swift in Sources */ = {isa = PBXBuildFile; fileRef = 9EAD4B9422C74972007D7BB3 /* SPVideoScheduleView.swift */; };
		9EAD4BA322C74973007D7BB3 /* SPVideoPlayView.swift in Sources */ = {isa = PBXBuildFile; fileRef = 9EAD4B9522C74972007D7BB3 /* SPVideoPlayView.swift */; };
		9EAD4BA422C74973007D7BB3 /* SPVideoCollectionCell.swift in Sources */ = {isa = PBXBuildFile; fileRef = 9EAD4B9622C74972007D7BB3 /* SPVideoCollectionCell.swift */; };
		9EAD4BA522C74973007D7BB3 /* SPFilterView.swift in Sources */ = {isa = PBXBuildFile; fileRef = 9EAD4B9722C74972007D7BB3 /* SPFilterView.swift */; };
		9EAD4BA722C74A16007D7BB3 /* SPVideoSelectVC.swift in Sources */ = {isa = PBXBuildFile; fileRef = 9EAD4BA622C74A16007D7BB3 /* SPVideoSelectVC.swift */; };
		9EAD4BAF22C9DD71007D7BB3 /* SPVideoSelectCollectionCell.swift in Sources */ = {isa = PBXBuildFile; fileRef = 9EAD4BAE22C9DD71007D7BB3 /* SPVideoSelectCollectionCell.swift */; };
		9EAD4BB122C9E096007D7BB3 /* SPVideoUpendIndexVC.swift in Sources */ = {isa = PBXBuildFile; fileRef = 9EAD4BB022C9E096007D7BB3 /* SPVideoUpendIndexVC.swift */; };
		9EAD4BB322C9E347007D7BB3 /* SPVideoSelectEditVC.swift in Sources */ = {isa = PBXBuildFile; fileRef = 9EAD4BB222C9E347007D7BB3 /* SPVideoSelectEditVC.swift */; };
		9EB9867E22B4CAFD006791D5 /* SPPhotoListToolView.swift in Sources */ = {isa = PBXBuildFile; fileRef = 9EB9867D22B4CAFD006791D5 /* SPPhotoListToolView.swift */; };
		9EB9868022B7216C006791D5 /* SPPhotoEditToolView.swift in Sources */ = {isa = PBXBuildFile; fileRef = 9EB9867F22B7216C006791D5 /* SPPhotoEditToolView.swift */; };
		9ECE7BEA222523CD00FE6BCD /* SPMainVC.swift in Sources */ = {isa = PBXBuildFile; fileRef = 9ECE7BE9222523CD00FE6BCD /* SPMainVC.swift */; };
		9ECE7C082227B80300FE6BCD /* CIFilter+extension.swift in Sources */ = {isa = PBXBuildFile; fileRef = 9ECE7BF32227B80300FE6BCD /* CIFilter+extension.swift */; };
		9ECE7C092227B80300FE6BCD /* UIImageManager.swift in Sources */ = {isa = PBXBuildFile; fileRef = 9ECE7BF42227B80300FE6BCD /* UIImageManager.swift */; };
		9ECE7C0A2227B80300FE6BCD /* FileManager+extension.swift in Sources */ = {isa = PBXBuildFile; fileRef = 9ECE7BF52227B80300FE6BCD /* FileManager+extension.swift */; };
		9ECE7C0C2227B80300FE6BCD /* SPEnum.swift in Sources */ = {isa = PBXBuildFile; fileRef = 9ECE7BF72227B80300FE6BCD /* SPEnum.swift */; };
		9ECE7C0E2227B80300FE6BCD /* SPPublicHeader.swift in Sources */ = {isa = PBXBuildFile; fileRef = 9ECE7BF92227B80300FE6BCD /* SPPublicHeader.swift */; };
		9ECE7C132227B80300FE6BCD /* SPBaseVC.swift in Sources */ = {isa = PBXBuildFile; fileRef = 9ECE7BFF2227B80300FE6BCD /* SPBaseVC.swift */; };
		9ECE7C142227B80300FE6BCD /* SPBaseNavVC.swift in Sources */ = {isa = PBXBuildFile; fileRef = 9ECE7C002227B80300FE6BCD /* SPBaseNavVC.swift */; };
		9ECE7C152227B80300FE6BCD /* SPPentagonView.swift in Sources */ = {isa = PBXBuildFile; fileRef = 9ECE7C022227B80300FE6BCD /* SPPentagonView.swift */; };
		9ECE7C172227B80300FE6BCD /* SPAnimationView.swift in Sources */ = {isa = PBXBuildFile; fileRef = 9ECE7C042227B80300FE6BCD /* SPAnimationView.swift */; };
		9ECE7C182227B80300FE6BCD /* SPVideoPreviewLayerView.swift in Sources */ = {isa = PBXBuildFile; fileRef = 9ECE7C052227B80300FE6BCD /* SPVideoPreviewLayerView.swift */; };
		9EECDB332320F926008F6CBE /* SPFilmTimeView.swift in Sources */ = {isa = PBXBuildFile; fileRef = 9EECDB322320F926008F6CBE /* SPFilmTimeView.swift */; };
		9EECDB3523226104008F6CBE /* SPVideoSplicingVC.swift in Sources */ = {isa = PBXBuildFile; fileRef = 9EECDB3423226104008F6CBE /* SPVideoSplicingVC.swift */; };
		9EECDB372322611F008F6CBE /* SPVideoSplicingSelectVC.swift in Sources */ = {isa = PBXBuildFile; fileRef = 9EECDB362322611F008F6CBE /* SPVideoSplicingSelectVC.swift */; };
		9EECDB392323555D008F6CBE /* SPNavItemBtnView.swift in Sources */ = {isa = PBXBuildFile; fileRef = 9EECDB382323555D008F6CBE /* SPNavItemBtnView.swift */; };
		9EECDB3B2323880C008F6CBE /* SPVideoLayoutView.swift in Sources */ = {isa = PBXBuildFile; fileRef = 9EECDB3A2323880C008F6CBE /* SPVideoLayoutView.swift */; };
		9EECDB3D23239619008F6CBE /* SPDragVC.swift in Sources */ = {isa = PBXBuildFile; fileRef = 9EECDB3C23239619008F6CBE /* SPDragVC.swift */; };
		9EECDB3F23239666008F6CBE /* SPDragCollectionCell.swift in Sources */ = {isa = PBXBuildFile; fileRef = 9EECDB3E23239666008F6CBE /* SPDragCollectionCell.swift */; };
		9EECDB4123261DF8008F6CBE /* SPVideoSplicingHelp.swift in Sources */ = {isa = PBXBuildFile; fileRef = 9EECDB4023261DF8008F6CBE /* SPVideoSplicingHelp.swift */; };
		9EECDB442328858B008F6CBE /* SPSelectView.swift in Sources */ = {isa = PBXBuildFile; fileRef = 9EECDB432328858B008F6CBE /* SPSelectView.swift */; };
		9EECDB542329E39D008F6CBE /* SPVideoSplicingLayoutView.swift in Sources */ = {isa = PBXBuildFile; fileRef = 9EECDB532329E39D008F6CBE /* SPVideoSplicingLayoutView.swift */; };
		9EECDB56232A4F5E008F6CBE /* SPCameraHelp.swift in Sources */ = {isa = PBXBuildFile; fileRef = 9EECDB55232A4F5E008F6CBE /* SPCameraHelp.swift */; };
		9EEE51772340464500AEEE7A /* SPShowToast.swift in Sources */ = {isa = PBXBuildFile; fileRef = 9EEE51762340464500AEEE7A /* SPShowToast.swift */; };
/* End PBXBuildFile section */

/* Begin PBXContainerItemProxy section */
		9E7226811E8972B4001BB9A9 /* PBXContainerItemProxy */ = {
			isa = PBXContainerItemProxy;
			containerPortal = 9E7226641E8972B4001BB9A9 /* Project object */;
			proxyType = 1;
			remoteGlobalIDString = 9E72266B1E8972B4001BB9A9;
			remoteInfo = ZPhoto;
		};
		9E72268C1E8972B4001BB9A9 /* PBXContainerItemProxy */ = {
			isa = PBXContainerItemProxy;
			containerPortal = 9E7226641E8972B4001BB9A9 /* Project object */;
			proxyType = 1;
			remoteGlobalIDString = 9E72266B1E8972B4001BB9A9;
			remoteInfo = ZPhoto;
		};
/* End PBXContainerItemProxy section */

/* Begin PBXFileReference section */
		07BA85C69A0AADC582A26091 /* Pods-ZPhotoUITests.debug.xcconfig */ = {isa = PBXFileReference; includeInIndex = 1; lastKnownFileType = text.xcconfig; name = "Pods-ZPhotoUITests.debug.xcconfig"; path = "Pods/Target Support Files/Pods-ZPhotoUITests/Pods-ZPhotoUITests.debug.xcconfig"; sourceTree = "<group>"; };
		132C40AACFA72A246818367C /* Pods-ZPhoto-ZPhotoUITests.releaseadhoc.xcconfig */ = {isa = PBXFileReference; includeInIndex = 1; lastKnownFileType = text.xcconfig; name = "Pods-ZPhoto-ZPhotoUITests.releaseadhoc.xcconfig"; path = "Pods/Target Support Files/Pods-ZPhoto-ZPhotoUITests/Pods-ZPhoto-ZPhotoUITests.releaseadhoc.xcconfig"; sourceTree = "<group>"; };
		181C107C9934F489C91866C4 /* Pods_ZPhotoTests.framework */ = {isa = PBXFileReference; explicitFileType = wrapper.framework; includeInIndex = 0; path = Pods_ZPhotoTests.framework; sourceTree = BUILT_PRODUCTS_DIR; };
		37B2953C120C1B91174FA422 /* Pods-ZPhoto.debug.xcconfig */ = {isa = PBXFileReference; includeInIndex = 1; lastKnownFileType = text.xcconfig; name = "Pods-ZPhoto.debug.xcconfig"; path = "Pods/Target Support Files/Pods-ZPhoto/Pods-ZPhoto.debug.xcconfig"; sourceTree = "<group>"; };
		39F99C17C26D1FD4DA8F8A0C /* Pods-ZPhoto-ZPhotoTests.release.xcconfig */ = {isa = PBXFileReference; includeInIndex = 1; lastKnownFileType = text.xcconfig; name = "Pods-ZPhoto-ZPhotoTests.release.xcconfig"; path = "Pods/Target Support Files/Pods-ZPhoto-ZPhotoTests/Pods-ZPhoto-ZPhotoTests.release.xcconfig"; sourceTree = "<group>"; };
		3C5C89CA18838367F24DE7CC /* Pods-ZPhoto-ZPhotoTests.releaseadhoc.xcconfig */ = {isa = PBXFileReference; includeInIndex = 1; lastKnownFileType = text.xcconfig; name = "Pods-ZPhoto-ZPhotoTests.releaseadhoc.xcconfig"; path = "Pods/Target Support Files/Pods-ZPhoto-ZPhotoTests/Pods-ZPhoto-ZPhotoTests.releaseadhoc.xcconfig"; sourceTree = "<group>"; };
		3C693C2DF867F8838AC46338 /* Pods-ZPhotoUITests.release.xcconfig */ = {isa = PBXFileReference; includeInIndex = 1; lastKnownFileType = text.xcconfig; name = "Pods-ZPhotoUITests.release.xcconfig"; path = "Pods/Target Support Files/Pods-ZPhotoUITests/Pods-ZPhotoUITests.release.xcconfig"; sourceTree = "<group>"; };
		52AA4B96C0EEF8C1EE867BF2 /* Pods-ZPhoto.releaseadhoc.xcconfig */ = {isa = PBXFileReference; includeInIndex = 1; lastKnownFileType = text.xcconfig; name = "Pods-ZPhoto.releaseadhoc.xcconfig"; path = "Pods/Target Support Files/Pods-ZPhoto/Pods-ZPhoto.releaseadhoc.xcconfig"; sourceTree = "<group>"; };
		6609ABEA8F5F0D5DC63FF968 /* Pods-ZPhoto-ZPhotoUITests.release.xcconfig */ = {isa = PBXFileReference; includeInIndex = 1; lastKnownFileType = text.xcconfig; name = "Pods-ZPhoto-ZPhotoUITests.release.xcconfig"; path = "Pods/Target Support Files/Pods-ZPhoto-ZPhotoUITests/Pods-ZPhoto-ZPhotoUITests.release.xcconfig"; sourceTree = "<group>"; };
		7042D7829B9755B5B7962526 /* Pods_ZPhotoUITests.framework */ = {isa = PBXFileReference; explicitFileType = wrapper.framework; includeInIndex = 0; path = Pods_ZPhotoUITests.framework; sourceTree = BUILT_PRODUCTS_DIR; };
		9E07234A22D71CFF00E5068A /* SPSetVC.swift */ = {isa = PBXFileReference; lastKnownFileType = sourcecode.swift; path = SPSetVC.swift; sourceTree = "<group>"; };
		9E07234C22D722DA00E5068A /* SPSetModel.swift */ = {isa = PBXFileReference; lastKnownFileType = sourcecode.swift; path = SPSetModel.swift; sourceTree = "<group>"; };
		9E07234E22D9770000E5068A /* SPPhotoSplicingNine.swift */ = {isa = PBXFileReference; lastKnownFileType = sourcecode.swift; path = SPPhotoSplicingNine.swift; sourceTree = "<group>"; };
		9E2D9091225C849500299C15 /* SPPhotoVC.swift */ = {isa = PBXFileReference; fileEncoding = 4; lastKnownFileType = sourcecode.swift; path = SPPhotoVC.swift; sourceTree = "<group>"; };
		9E2D9092225C849500299C15 /* SPPhotoSelectVC.swift */ = {isa = PBXFileReference; fileEncoding = 4; lastKnownFileType = sourcecode.swift; path = SPPhotoSelectVC.swift; sourceTree = "<group>"; };
		9E2D9093225C849500299C15 /* SPCameraVC.swift */ = {isa = PBXFileReference; fileEncoding = 4; lastKnownFileType = sourcecode.swift; path = SPCameraVC.swift; sourceTree = "<group>"; };
		9E2D9094225C849500299C15 /* SPPhotoSplicingVC.swift */ = {isa = PBXFileReference; fileEncoding = 4; lastKnownFileType = sourcecode.swift; path = SPPhotoSplicingVC.swift; sourceTree = "<group>"; };
		9E2D9095225C849500299C15 /* SPPhotoEditVC.swift */ = {isa = PBXFileReference; fileEncoding = 4; lastKnownFileType = sourcecode.swift; path = SPPhotoEditVC.swift; sourceTree = "<group>"; };
		9E2D9096225C849500299C15 /* SPPhotoBrowseVC.swift */ = {isa = PBXFileReference; fileEncoding = 4; lastKnownFileType = sourcecode.swift; path = SPPhotoBrowseVC.swift; sourceTree = "<group>"; };
		9E2D9097225C849500299C15 /* SPPhotoListVC.swift */ = {isa = PBXFileReference; fileEncoding = 4; lastKnownFileType = sourcecode.swift; path = SPPhotoListVC.swift; sourceTree = "<group>"; };
		9E2D9099225C849500299C15 /* SPCameraManager.swift */ = {isa = PBXFileReference; fileEncoding = 4; lastKnownFileType = sourcecode.swift; path = SPCameraManager.swift; sourceTree = "<group>"; };
		9E2D909A225C849500299C15 /* SPPhotoHelp.swift */ = {isa = PBXFileReference; fileEncoding = 4; lastKnownFileType = sourcecode.swift; path = SPPhotoHelp.swift; sourceTree = "<group>"; };
		9E2D909B225C849500299C15 /* SPPhotoModel.swift */ = {isa = PBXFileReference; fileEncoding = 4; lastKnownFileType = sourcecode.swift; path = SPPhotoModel.swift; sourceTree = "<group>"; };
		9E2D909D225C849500299C15 /* SPCameraBtnView.swift */ = {isa = PBXFileReference; fileEncoding = 4; lastKnownFileType = sourcecode.swift; path = SPCameraBtnView.swift; sourceTree = "<group>"; };
		9E2D909E225C849500299C15 /* SPPhotoListCollectionCell.swift */ = {isa = PBXFileReference; fileEncoding = 4; lastKnownFileType = sourcecode.swift; path = SPPhotoListCollectionCell.swift; sourceTree = "<group>"; };
		9E3E165722FD4C5300BF48E9 /* SPPhotoSplicingEight.swift */ = {isa = PBXFileReference; lastKnownFileType = sourcecode.swift; path = SPPhotoSplicingEight.swift; sourceTree = "<group>"; };
		9E3E165922FD7D0E00BF48E9 /* SPPhotoSplicingSeven.swift */ = {isa = PBXFileReference; lastKnownFileType = sourcecode.swift; path = SPPhotoSplicingSeven.swift; sourceTree = "<group>"; };
		9E3E165B22FD7F6800BF48E9 /* SPPhotoSplicingSix.swift */ = {isa = PBXFileReference; lastKnownFileType = sourcecode.swift; path = SPPhotoSplicingSix.swift; sourceTree = "<group>"; };
		9E3E165D22FD7F7300BF48E9 /* SPPhotoSplicingFive.swift */ = {isa = PBXFileReference; lastKnownFileType = sourcecode.swift; path = SPPhotoSplicingFive.swift; sourceTree = "<group>"; };
		9E3E165F22FD7F7A00BF48E9 /* SPPhotoSplicingFour.swift */ = {isa = PBXFileReference; lastKnownFileType = sourcecode.swift; path = SPPhotoSplicingFour.swift; sourceTree = "<group>"; };
		9E3E166122FD7F8200BF48E9 /* SPPhotoSplicingThree.swift */ = {isa = PBXFileReference; lastKnownFileType = sourcecode.swift; path = SPPhotoSplicingThree.swift; sourceTree = "<group>"; };
		9E3E166322FD7F8900BF48E9 /* SPPhotoSplicingTwo.swift */ = {isa = PBXFileReference; lastKnownFileType = sourcecode.swift; path = SPPhotoSplicingTwo.swift; sourceTree = "<group>"; };
		9E3E166622FE601100BF48E9 /* SPColor.plist */ = {isa = PBXFileReference; fileEncoding = 4; lastKnownFileType = text.plist.xml; path = SPColor.plist; sourceTree = "<group>"; };
		9E464ACC22BCC7D400F2E6DE /* SPLayoutView.swift */ = {isa = PBXFileReference; lastKnownFileType = sourcecode.swift; path = SPLayoutView.swift; sourceTree = "<group>"; };
		9E464ACE22C063E700F2E6DE /* SPPhotoSplicingHelp.swift */ = {isa = PBXFileReference; lastKnownFileType = sourcecode.swift; path = SPPhotoSplicingHelp.swift; sourceTree = "<group>"; };
		9E5E27AE22C4C2C4006F9E66 /* SPBackgroundView.swift */ = {isa = PBXFileReference; lastKnownFileType = sourcecode.swift; path = SPBackgroundView.swift; sourceTree = "<group>"; };
		9E622E17225D8EAB00722FD8 /* SPCustomPictureView.swift */ = {isa = PBXFileReference; lastKnownFileType = sourcecode.swift; path = SPCustomPictureView.swift; sourceTree = "<group>"; };
		9E6A5026228AAD520021D17F /* SPTmpVC.swift */ = {isa = PBXFileReference; lastKnownFileType = sourcecode.swift; path = SPTmpVC.swift; sourceTree = "<group>"; };
		9E7168A51F659B8400BB7C01 /* SPFilterModel.swift */ = {isa = PBXFileReference; lastKnownFileType = sourcecode.swift; path = SPFilterModel.swift; sourceTree = "<group>"; };
		9E7168A71F659F5A00BB7C01 /* SPFilterEnum.swift */ = {isa = PBXFileReference; lastKnownFileType = sourcecode.swift; path = SPFilterEnum.swift; sourceTree = "<group>"; };
		9E71FDFE227EEF0A00C588C5 /* SPToolModel.swift */ = {isa = PBXFileReference; lastKnownFileType = sourcecode.swift; path = SPToolModel.swift; sourceTree = "<group>"; };
		9E72266C1E8972B4001BB9A9 /* ZPhoto.app */ = {isa = PBXFileReference; explicitFileType = wrapper.application; includeInIndex = 0; path = ZPhoto.app; sourceTree = BUILT_PRODUCTS_DIR; };
		9E72266F1E8972B4001BB9A9 /* AppDelegate.swift */ = {isa = PBXFileReference; lastKnownFileType = sourcecode.swift; path = AppDelegate.swift; sourceTree = "<group>"; };
		9E7226761E8972B4001BB9A9 /* Assets.xcassets */ = {isa = PBXFileReference; lastKnownFileType = folder.assetcatalog; path = Assets.xcassets; sourceTree = "<group>"; };
		9E72267B1E8972B4001BB9A9 /* Info.plist */ = {isa = PBXFileReference; lastKnownFileType = text.plist.xml; path = Info.plist; sourceTree = "<group>"; };
		9E7226801E8972B4001BB9A9 /* ZPhotoTests.xctest */ = {isa = PBXFileReference; explicitFileType = wrapper.cfbundle; includeInIndex = 0; path = ZPhotoTests.xctest; sourceTree = BUILT_PRODUCTS_DIR; };
		9E7226841E8972B4001BB9A9 /* ZPhotoTests.swift */ = {isa = PBXFileReference; lastKnownFileType = sourcecode.swift; path = ZPhotoTests.swift; sourceTree = "<group>"; };
		9E7226861E8972B4001BB9A9 /* Info.plist */ = {isa = PBXFileReference; lastKnownFileType = text.plist.xml; path = Info.plist; sourceTree = "<group>"; };
		9E72268B1E8972B4001BB9A9 /* ZPhotoUITests.xctest */ = {isa = PBXFileReference; explicitFileType = wrapper.cfbundle; includeInIndex = 0; path = ZPhotoUITests.xctest; sourceTree = BUILT_PRODUCTS_DIR; };
		9E72268F1E8972B4001BB9A9 /* ZPhotoUITests.swift */ = {isa = PBXFileReference; lastKnownFileType = sourcecode.swift; path = ZPhotoUITests.swift; sourceTree = "<group>"; };
		9E7226911E8972B4001BB9A9 /* Info.plist */ = {isa = PBXFileReference; lastKnownFileType = text.plist.xml; path = Info.plist; sourceTree = "<group>"; };
		9E774E06209A0C2C0071493B /* en */ = {isa = PBXFileReference; lastKnownFileType = text.plist.strings; name = en; path = en.lproj/Localizable.strings; sourceTree = "<group>"; };
		9E774E08209A0C520071493B /* zh-Hans */ = {isa = PBXFileReference; lastKnownFileType = text.plist.strings; name = "zh-Hans"; path = "zh-Hans.lproj/Localizable.strings"; sourceTree = "<group>"; };
		9E774E0E209A147D0071493B /* zh-Hans */ = {isa = PBXFileReference; lastKnownFileType = text.plist.strings; name = "zh-Hans"; path = "zh-Hans.lproj/InfoPlist.strings"; sourceTree = "<group>"; };
		9E774E10209A147F0071493B /* en */ = {isa = PBXFileReference; lastKnownFileType = text.plist.strings; name = en; path = en.lproj/InfoPlist.strings; sourceTree = "<group>"; };
		9E7B1BC923040A2E00146422 /* SPLongGraphVC.swift */ = {isa = PBXFileReference; lastKnownFileType = sourcecode.swift; path = SPLongGraphVC.swift; sourceTree = "<group>"; };
		9EA4432123176FA500B4E1FE /* SPPhotoToolView.swift */ = {isa = PBXFileReference; fileEncoding = 4; lastKnownFileType = sourcecode.swift; path = SPPhotoToolView.swift; sourceTree = "<group>"; };
		9EA443252317BBF700B4E1FE /* SPLongGraphLayoutView.swift */ = {isa = PBXFileReference; lastKnownFileType = sourcecode.swift; path = SPLongGraphLayoutView.swift; sourceTree = "<group>"; };
		9EA443272317C57100B4E1FE /* SPPhotoFrameView.swift */ = {isa = PBXFileReference; lastKnownFileType = sourcecode.swift; path = SPPhotoFrameView.swift; sourceTree = "<group>"; };
		9EA443292317D00B00B4E1FE /* SPTextView.swift */ = {isa = PBXFileReference; lastKnownFileType = sourcecode.swift; path = SPTextView.swift; sourceTree = "<group>"; };
		9EA4432B2317D06000B4E1FE /* SPTextToolView.swift */ = {isa = PBXFileReference; lastKnownFileType = sourcecode.swift; path = SPTextToolView.swift; sourceTree = "<group>"; };
		9EA4432D231CAE1700B4E1FE /* SPTextEditView.swift */ = {isa = PBXFileReference; lastKnownFileType = sourcecode.swift; path = SPTextEditView.swift; sourceTree = "<group>"; };
		9EA4432F231D1CF000B4E1FE /* SPColorView.swift */ = {isa = PBXFileReference; fileEncoding = 4; lastKnownFileType = sourcecode.swift; path = SPColorView.swift; sourceTree = "<group>"; };
		9EA44330231D1CF000B4E1FE /* SPSliderView.swift */ = {isa = PBXFileReference; fileEncoding = 4; lastKnownFileType = sourcecode.swift; path = SPSliderView.swift; sourceTree = "<group>"; };
		9EA44331231D1CF000B4E1FE /* SPFontNameView.swift */ = {isa = PBXFileReference; fileEncoding = 4; lastKnownFileType = sourcecode.swift; path = SPFontNameView.swift; sourceTree = "<group>"; };
		9EA44335231D20E300B4E1FE /* SPFilmVC.swift */ = {isa = PBXFileReference; lastKnownFileType = sourcecode.swift; path = SPFilmVC.swift; sourceTree = "<group>"; };
		9EA44337231DF64900B4E1FE /* SPFilmManager.swift */ = {isa = PBXFileReference; lastKnownFileType = sourcecode.swift; path = SPFilmManager.swift; sourceTree = "<group>"; };
		9EAD4B8822C74972007D7BB3 /* SPVideoVC.swift */ = {isa = PBXFileReference; fileEncoding = 4; lastKnownFileType = sourcecode.swift; path = SPVideoVC.swift; sourceTree = "<group>"; };
		9EAD4B8922C74972007D7BB3 /* SPVideoUpendVC.swift */ = {isa = PBXFileReference; fileEncoding = 4; lastKnownFileType = sourcecode.swift; path = SPVideoUpendVC.swift; sourceTree = "<group>"; };
		9EAD4B8A22C74972007D7BB3 /* SPRecordVideoVC.swift */ = {isa = PBXFileReference; fileEncoding = 4; lastKnownFileType = sourcecode.swift; path = SPRecordVideoVC.swift; sourceTree = "<group>"; };
		9EAD4B8B22C74972007D7BB3 /* SPVideoListVC.swift */ = {isa = PBXFileReference; fileEncoding = 4; lastKnownFileType = sourcecode.swift; path = SPVideoListVC.swift; sourceTree = "<group>"; };
		9EAD4B8C22C74972007D7BB3 /* SPVideoPlayVC.swift */ = {isa = PBXFileReference; fileEncoding = 4; lastKnownFileType = sourcecode.swift; path = SPVideoPlayVC.swift; sourceTree = "<group>"; };
		9EAD4B8D22C74972007D7BB3 /* SPVideoEditVC.swift */ = {isa = PBXFileReference; fileEncoding = 4; lastKnownFileType = sourcecode.swift; path = SPVideoEditVC.swift; sourceTree = "<group>"; };
		9EAD4B8F22C74972007D7BB3 /* SPRecordVideoData.swift */ = {isa = PBXFileReference; fileEncoding = 4; lastKnownFileType = sourcecode.swift; path = SPRecordVideoData.swift; sourceTree = "<group>"; };
		9EAD4B9022C74972007D7BB3 /* SPRecordVideoManager.swift */ = {isa = PBXFileReference; fileEncoding = 4; lastKnownFileType = sourcecode.swift; path = SPRecordVideoManager.swift; sourceTree = "<group>"; };
		9EAD4B9122C74972007D7BB3 /* SPVideoModel.swift */ = {isa = PBXFileReference; fileEncoding = 4; lastKnownFileType = sourcecode.swift; path = SPVideoModel.swift; sourceTree = "<group>"; };
		9EAD4B9222C74972007D7BB3 /* SPVideoHelp.swift */ = {isa = PBXFileReference; fileEncoding = 4; lastKnownFileType = sourcecode.swift; path = SPVideoHelp.swift; sourceTree = "<group>"; };
		9EAD4B9422C74972007D7BB3 /* SPVideoScheduleView.swift */ = {isa = PBXFileReference; fileEncoding = 4; lastKnownFileType = sourcecode.swift; path = SPVideoScheduleView.swift; sourceTree = "<group>"; };
		9EAD4B9522C74972007D7BB3 /* SPVideoPlayView.swift */ = {isa = PBXFileReference; fileEncoding = 4; lastKnownFileType = sourcecode.swift; path = SPVideoPlayView.swift; sourceTree = "<group>"; };
		9EAD4B9622C74972007D7BB3 /* SPVideoCollectionCell.swift */ = {isa = PBXFileReference; fileEncoding = 4; lastKnownFileType = sourcecode.swift; path = SPVideoCollectionCell.swift; sourceTree = "<group>"; };
		9EAD4B9722C74972007D7BB3 /* SPFilterView.swift */ = {isa = PBXFileReference; fileEncoding = 4; lastKnownFileType = sourcecode.swift; path = SPFilterView.swift; sourceTree = "<group>"; };
		9EAD4BA622C74A16007D7BB3 /* SPVideoSelectVC.swift */ = {isa = PBXFileReference; lastKnownFileType = sourcecode.swift; path = SPVideoSelectVC.swift; sourceTree = "<group>"; };
		9EAD4BAE22C9DD71007D7BB3 /* SPVideoSelectCollectionCell.swift */ = {isa = PBXFileReference; lastKnownFileType = sourcecode.swift; path = SPVideoSelectCollectionCell.swift; sourceTree = "<group>"; };
		9EAD4BB022C9E096007D7BB3 /* SPVideoUpendIndexVC.swift */ = {isa = PBXFileReference; lastKnownFileType = sourcecode.swift; path = SPVideoUpendIndexVC.swift; sourceTree = "<group>"; };
		9EAD4BB222C9E347007D7BB3 /* SPVideoSelectEditVC.swift */ = {isa = PBXFileReference; lastKnownFileType = sourcecode.swift; path = SPVideoSelectEditVC.swift; sourceTree = "<group>"; };
		9EB9867D22B4CAFD006791D5 /* SPPhotoListToolView.swift */ = {isa = PBXFileReference; lastKnownFileType = sourcecode.swift; path = SPPhotoListToolView.swift; sourceTree = "<group>"; };
		9EB9867F22B7216C006791D5 /* SPPhotoEditToolView.swift */ = {isa = PBXFileReference; lastKnownFileType = sourcecode.swift; path = SPPhotoEditToolView.swift; sourceTree = "<group>"; };
		9ECE7BE9222523CD00FE6BCD /* SPMainVC.swift */ = {isa = PBXFileReference; lastKnownFileType = sourcecode.swift; path = SPMainVC.swift; sourceTree = "<group>"; };
		9ECE7BF32227B80300FE6BCD /* CIFilter+extension.swift */ = {isa = PBXFileReference; fileEncoding = 4; lastKnownFileType = sourcecode.swift; path = "CIFilter+extension.swift"; sourceTree = "<group>"; };
		9ECE7BF42227B80300FE6BCD /* UIImageManager.swift */ = {isa = PBXFileReference; fileEncoding = 4; lastKnownFileType = sourcecode.swift; path = UIImageManager.swift; sourceTree = "<group>"; };
		9ECE7BF52227B80300FE6BCD /* FileManager+extension.swift */ = {isa = PBXFileReference; fileEncoding = 4; lastKnownFileType = sourcecode.swift; path = "FileManager+extension.swift"; sourceTree = "<group>"; };
		9ECE7BF72227B80300FE6BCD /* SPEnum.swift */ = {isa = PBXFileReference; fileEncoding = 4; lastKnownFileType = sourcecode.swift; path = SPEnum.swift; sourceTree = "<group>"; };
		9ECE7BF92227B80300FE6BCD /* SPPublicHeader.swift */ = {isa = PBXFileReference; fileEncoding = 4; lastKnownFileType = sourcecode.swift; path = SPPublicHeader.swift; sourceTree = "<group>"; };
		9ECE7BFF2227B80300FE6BCD /* SPBaseVC.swift */ = {isa = PBXFileReference; fileEncoding = 4; lastKnownFileType = sourcecode.swift; path = SPBaseVC.swift; sourceTree = "<group>"; };
		9ECE7C002227B80300FE6BCD /* SPBaseNavVC.swift */ = {isa = PBXFileReference; fileEncoding = 4; lastKnownFileType = sourcecode.swift; path = SPBaseNavVC.swift; sourceTree = "<group>"; };
		9ECE7C022227B80300FE6BCD /* SPPentagonView.swift */ = {isa = PBXFileReference; fileEncoding = 4; lastKnownFileType = sourcecode.swift; path = SPPentagonView.swift; sourceTree = "<group>"; };
		9ECE7C042227B80300FE6BCD /* SPAnimationView.swift */ = {isa = PBXFileReference; fileEncoding = 4; lastKnownFileType = sourcecode.swift; path = SPAnimationView.swift; sourceTree = "<group>"; };
		9ECE7C052227B80300FE6BCD /* SPVideoPreviewLayerView.swift */ = {isa = PBXFileReference; fileEncoding = 4; lastKnownFileType = sourcecode.swift; path = SPVideoPreviewLayerView.swift; sourceTree = "<group>"; };
		9EECDB322320F926008F6CBE /* SPFilmTimeView.swift */ = {isa = PBXFileReference; lastKnownFileType = sourcecode.swift; path = SPFilmTimeView.swift; sourceTree = "<group>"; };
		9EECDB3423226104008F6CBE /* SPVideoSplicingVC.swift */ = {isa = PBXFileReference; lastKnownFileType = sourcecode.swift; path = SPVideoSplicingVC.swift; sourceTree = "<group>"; };
		9EECDB362322611F008F6CBE /* SPVideoSplicingSelectVC.swift */ = {isa = PBXFileReference; lastKnownFileType = sourcecode.swift; path = SPVideoSplicingSelectVC.swift; sourceTree = "<group>"; };
		9EECDB382323555D008F6CBE /* SPNavItemBtnView.swift */ = {isa = PBXFileReference; lastKnownFileType = sourcecode.swift; path = SPNavItemBtnView.swift; sourceTree = "<group>"; };
		9EECDB3A2323880C008F6CBE /* SPVideoLayoutView.swift */ = {isa = PBXFileReference; lastKnownFileType = sourcecode.swift; path = SPVideoLayoutView.swift; sourceTree = "<group>"; };
		9EECDB3C23239619008F6CBE /* SPDragVC.swift */ = {isa = PBXFileReference; lastKnownFileType = sourcecode.swift; path = SPDragVC.swift; sourceTree = "<group>"; };
		9EECDB3E23239666008F6CBE /* SPDragCollectionCell.swift */ = {isa = PBXFileReference; lastKnownFileType = sourcecode.swift; path = SPDragCollectionCell.swift; sourceTree = "<group>"; };
		9EECDB4023261DF8008F6CBE /* SPVideoSplicingHelp.swift */ = {isa = PBXFileReference; lastKnownFileType = sourcecode.swift; path = SPVideoSplicingHelp.swift; sourceTree = "<group>"; };
		9EECDB432328858B008F6CBE /* SPSelectView.swift */ = {isa = PBXFileReference; fileEncoding = 4; lastKnownFileType = sourcecode.swift; path = SPSelectView.swift; sourceTree = "<group>"; };
		9EECDB532329E39D008F6CBE /* SPVideoSplicingLayoutView.swift */ = {isa = PBXFileReference; lastKnownFileType = sourcecode.swift; path = SPVideoSplicingLayoutView.swift; sourceTree = "<group>"; };
		9EECDB55232A4F5E008F6CBE /* SPCameraHelp.swift */ = {isa = PBXFileReference; lastKnownFileType = sourcecode.swift; path = SPCameraHelp.swift; sourceTree = "<group>"; };
		9EEE51762340464500AEEE7A /* SPShowToast.swift */ = {isa = PBXFileReference; lastKnownFileType = sourcecode.swift; path = SPShowToast.swift; sourceTree = "<group>"; };
		A48F6C5FB7358C64CE5D01E2 /* Pods-ZPhoto-ZPhotoTests.debug.xcconfig */ = {isa = PBXFileReference; includeInIndex = 1; lastKnownFileType = text.xcconfig; name = "Pods-ZPhoto-ZPhotoTests.debug.xcconfig"; path = "Pods/Target Support Files/Pods-ZPhoto-ZPhotoTests/Pods-ZPhoto-ZPhotoTests.debug.xcconfig"; sourceTree = "<group>"; };
		A85288069D2AB5B5DEA771C3 /* Pods-ZPhoto.release.xcconfig */ = {isa = PBXFileReference; includeInIndex = 1; lastKnownFileType = text.xcconfig; name = "Pods-ZPhoto.release.xcconfig"; path = "Pods/Target Support Files/Pods-ZPhoto/Pods-ZPhoto.release.xcconfig"; sourceTree = "<group>"; };
		C3DC2C47179960654978B376 /* Pods_ZPhoto.framework */ = {isa = PBXFileReference; explicitFileType = wrapper.framework; includeInIndex = 0; path = Pods_ZPhoto.framework; sourceTree = BUILT_PRODUCTS_DIR; };
		C51E104DB0F1870B26D77C6B /* Pods-ZPhotoTests.debug.xcconfig */ = {isa = PBXFileReference; includeInIndex = 1; lastKnownFileType = text.xcconfig; name = "Pods-ZPhotoTests.debug.xcconfig"; path = "Pods/Target Support Files/Pods-ZPhotoTests/Pods-ZPhotoTests.debug.xcconfig"; sourceTree = "<group>"; };
		F183CFE9FF0D101A7BFCC189 /* Pods-ZPhotoTests.release.xcconfig */ = {isa = PBXFileReference; includeInIndex = 1; lastKnownFileType = text.xcconfig; name = "Pods-ZPhotoTests.release.xcconfig"; path = "Pods/Target Support Files/Pods-ZPhotoTests/Pods-ZPhotoTests.release.xcconfig"; sourceTree = "<group>"; };
		F3A999EA99A71A6F9437823B /* Pods-ZPhoto-ZPhotoUITests.debug.xcconfig */ = {isa = PBXFileReference; includeInIndex = 1; lastKnownFileType = text.xcconfig; name = "Pods-ZPhoto-ZPhotoUITests.debug.xcconfig"; path = "Pods/Target Support Files/Pods-ZPhoto-ZPhotoUITests/Pods-ZPhoto-ZPhotoUITests.debug.xcconfig"; sourceTree = "<group>"; };
/* End PBXFileReference section */

/* Begin PBXFrameworksBuildPhase section */
		9E7226691E8972B4001BB9A9 /* Frameworks */ = {
			isa = PBXFrameworksBuildPhase;
			buildActionMask = 2147483647;
			files = (
				145CB29182DB4F0AAA9938A5 /* Pods_ZPhoto.framework in Frameworks */,
			);
			runOnlyForDeploymentPostprocessing = 0;
		};
		9E72267D1E8972B4001BB9A9 /* Frameworks */ = {
			isa = PBXFrameworksBuildPhase;
			buildActionMask = 2147483647;
			files = (
				9C36B15B36D139A215D21F3F /* Pods_ZPhotoTests.framework in Frameworks */,
			);
			runOnlyForDeploymentPostprocessing = 0;
		};
		9E7226881E8972B4001BB9A9 /* Frameworks */ = {
			isa = PBXFrameworksBuildPhase;
			buildActionMask = 2147483647;
			files = (
				98241BAC04E07F46FB3C46B9 /* Pods_ZPhotoUITests.framework in Frameworks */,
			);
			runOnlyForDeploymentPostprocessing = 0;
		};
/* End PBXFrameworksBuildPhase section */

/* Begin PBXGroup section */
		051695CC9F95289890C70E0D /* Frameworks */ = {
			isa = PBXGroup;
			children = (
				C3DC2C47179960654978B376 /* Pods_ZPhoto.framework */,
				181C107C9934F489C91866C4 /* Pods_ZPhotoTests.framework */,
				7042D7829B9755B5B7962526 /* Pods_ZPhotoUITests.framework */,
			);
			name = Frameworks;
			sourceTree = "<group>";
		};
		515535839BB56DA87DC4E087 /* Pods */ = {
			isa = PBXGroup;
			children = (
				37B2953C120C1B91174FA422 /* Pods-ZPhoto.debug.xcconfig */,
				A85288069D2AB5B5DEA771C3 /* Pods-ZPhoto.release.xcconfig */,
				C51E104DB0F1870B26D77C6B /* Pods-ZPhotoTests.debug.xcconfig */,
				F183CFE9FF0D101A7BFCC189 /* Pods-ZPhotoTests.release.xcconfig */,
				07BA85C69A0AADC582A26091 /* Pods-ZPhotoUITests.debug.xcconfig */,
				3C693C2DF867F8838AC46338 /* Pods-ZPhotoUITests.release.xcconfig */,
				52AA4B96C0EEF8C1EE867BF2 /* Pods-ZPhoto.releaseadhoc.xcconfig */,
				A48F6C5FB7358C64CE5D01E2 /* Pods-ZPhoto-ZPhotoTests.debug.xcconfig */,
				39F99C17C26D1FD4DA8F8A0C /* Pods-ZPhoto-ZPhotoTests.release.xcconfig */,
				3C5C89CA18838367F24DE7CC /* Pods-ZPhoto-ZPhotoTests.releaseadhoc.xcconfig */,
				F3A999EA99A71A6F9437823B /* Pods-ZPhoto-ZPhotoUITests.debug.xcconfig */,
				6609ABEA8F5F0D5DC63FF968 /* Pods-ZPhoto-ZPhotoUITests.release.xcconfig */,
				132C40AACFA72A246818367C /* Pods-ZPhoto-ZPhotoUITests.releaseadhoc.xcconfig */,
			);
			name = Pods;
			sourceTree = "<group>";
		};
		9E2D908F225C849500299C15 /* Photo */ = {
			isa = PBXGroup;
			children = (
				9E2D9090225C849500299C15 /* Controller */,
				9E2D9098225C849500299C15 /* Model */,
				9E2D909C225C849500299C15 /* View */,
			);
			path = Photo;
			sourceTree = "<group>";
		};
		9E2D9090225C849500299C15 /* Controller */ = {
			isa = PBXGroup;
			children = (
				9E2D9091225C849500299C15 /* SPPhotoVC.swift */,
				9EA44335231D20E300B4E1FE /* SPFilmVC.swift */,
				9E2D9092225C849500299C15 /* SPPhotoSelectVC.swift */,
				9E2D9093225C849500299C15 /* SPCameraVC.swift */,
				9E2D9094225C849500299C15 /* SPPhotoSplicingVC.swift */,
				9E2D9095225C849500299C15 /* SPPhotoEditVC.swift */,
				9E2D9096225C849500299C15 /* SPPhotoBrowseVC.swift */,
				9E2D9097225C849500299C15 /* SPPhotoListVC.swift */,
				9E7B1BC923040A2E00146422 /* SPLongGraphVC.swift */,
			);
			path = Controller;
			sourceTree = "<group>";
		};
		9E2D9098225C849500299C15 /* Model */ = {
			isa = PBXGroup;
			children = (
				9E2D9099225C849500299C15 /* SPCameraManager.swift */,
				9E2D909A225C849500299C15 /* SPPhotoHelp.swift */,
				9E2D909B225C849500299C15 /* SPPhotoModel.swift */,
				9E71FDFE227EEF0A00C588C5 /* SPToolModel.swift */,
				9E464ACE22C063E700F2E6DE /* SPPhotoSplicingHelp.swift */,
				9E07234E22D9770000E5068A /* SPPhotoSplicingNine.swift */,
				9E3E165722FD4C5300BF48E9 /* SPPhotoSplicingEight.swift */,
				9E3E165922FD7D0E00BF48E9 /* SPPhotoSplicingSeven.swift */,
				9E3E165B22FD7F6800BF48E9 /* SPPhotoSplicingSix.swift */,
				9E3E165D22FD7F7300BF48E9 /* SPPhotoSplicingFive.swift */,
				9E3E165F22FD7F7A00BF48E9 /* SPPhotoSplicingFour.swift */,
				9E3E166122FD7F8200BF48E9 /* SPPhotoSplicingThree.swift */,
				9E3E166322FD7F8900BF48E9 /* SPPhotoSplicingTwo.swift */,
				9EA44337231DF64900B4E1FE /* SPFilmManager.swift */,
				9EECDB55232A4F5E008F6CBE /* SPCameraHelp.swift */,
			);
			path = Model;
			sourceTree = "<group>";
		};
		9E2D909C225C849500299C15 /* View */ = {
			isa = PBXGroup;
			children = (
				9EECDB432328858B008F6CBE /* SPSelectView.swift */,
				9EA4432F231D1CF000B4E1FE /* SPColorView.swift */,
				9EA44331231D1CF000B4E1FE /* SPFontNameView.swift */,
				9EA44330231D1CF000B4E1FE /* SPSliderView.swift */,
				9EA4432123176FA500B4E1FE /* SPPhotoToolView.swift */,
				9E2D909D225C849500299C15 /* SPCameraBtnView.swift */,
				9E2D909E225C849500299C15 /* SPPhotoListCollectionCell.swift */,
				9E622E17225D8EAB00722FD8 /* SPCustomPictureView.swift */,
				9EB9867D22B4CAFD006791D5 /* SPPhotoListToolView.swift */,
				9EB9867F22B7216C006791D5 /* SPPhotoEditToolView.swift */,
				9E464ACC22BCC7D400F2E6DE /* SPLayoutView.swift */,
				9E5E27AE22C4C2C4006F9E66 /* SPBackgroundView.swift */,
				9EA443252317BBF700B4E1FE /* SPLongGraphLayoutView.swift */,
				9EA443272317C57100B4E1FE /* SPPhotoFrameView.swift */,
				9EA443292317D00B00B4E1FE /* SPTextView.swift */,
				9EA4432B2317D06000B4E1FE /* SPTextToolView.swift */,
				9EA4432D231CAE1700B4E1FE /* SPTextEditView.swift */,
				9EECDB322320F926008F6CBE /* SPFilmTimeView.swift */,
			);
			path = View;
			sourceTree = "<group>";
		};
		9E3E166522FE601100BF48E9 /* Resources */ = {
			isa = PBXGroup;
			children = (
				9E3E166622FE601100BF48E9 /* SPColor.plist */,
			);
			path = Resources;
			sourceTree = "<group>";
		};
		9E6A5022228AAD470021D17F /* Set */ = {
			isa = PBXGroup;
			children = (
				9E6A5023228AAD470021D17F /*  View */,
				9E6A5024228AAD470021D17F /* Controller */,
				9E6A5025228AAD470021D17F /* Model */,
			);
			path = Set;
			sourceTree = "<group>";
		};
		9E6A5023228AAD470021D17F /*  View */ = {
			isa = PBXGroup;
			children = (
			);
			path = " View";
			sourceTree = "<group>";
		};
		9E6A5024228AAD470021D17F /* Controller */ = {
			isa = PBXGroup;
			children = (
				9E6A5026228AAD520021D17F /* SPTmpVC.swift */,
				9E07234A22D71CFF00E5068A /* SPSetVC.swift */,
			);
			path = Controller;
			sourceTree = "<group>";
		};
		9E6A5025228AAD470021D17F /* Model */ = {
			isa = PBXGroup;
			children = (
				9E07234C22D722DA00E5068A /* SPSetModel.swift */,
			);
			path = Model;
			sourceTree = "<group>";
		};
		9E7168A41F659B7400BB7C01 /* SPFilter */ = {
			isa = PBXGroup;
			children = (
				9E7168A51F659B8400BB7C01 /* SPFilterModel.swift */,
				9E7168A71F659F5A00BB7C01 /* SPFilterEnum.swift */,
			);
			path = SPFilter;
			sourceTree = "<group>";
		};
		9E7226631E8972B4001BB9A9 = {
			isa = PBXGroup;
			children = (
				9E72266E1E8972B4001BB9A9 /* ZPhoto */,
				9E7226831E8972B4001BB9A9 /* ZPhotoTests */,
				9E72268E1E8972B4001BB9A9 /* ZPhotoUITests */,
				9E72266D1E8972B4001BB9A9 /* Products */,
				515535839BB56DA87DC4E087 /* Pods */,
				051695CC9F95289890C70E0D /* Frameworks */,
			);
			sourceTree = "<group>";
		};
		9E72266D1E8972B4001BB9A9 /* Products */ = {
			isa = PBXGroup;
			children = (
				9E72266C1E8972B4001BB9A9 /* ZPhoto.app */,
				9E7226801E8972B4001BB9A9 /* ZPhotoTests.xctest */,
				9E72268B1E8972B4001BB9A9 /* ZPhotoUITests.xctest */,
			);
			name = Products;
			sourceTree = "<group>";
		};
		9E72266E1E8972B4001BB9A9 /* ZPhoto */ = {
			isa = PBXGroup;
			children = (
				9E3E166522FE601100BF48E9 /* Resources */,
				9EAD4B8622C74972007D7BB3 /* Video */,
				9E6A5022228AAD470021D17F /* Set */,
				9E2D908F225C849500299C15 /* Photo */,
				9ECE7BEF2227B80300FE6BCD /* Utility */,
				9EA86C6D2216B31C00088AD8 /* Main */,
				9E7168A41F659B7400BB7C01 /* SPFilter */,
				9E72266F1E8972B4001BB9A9 /* AppDelegate.swift */,
				9E7226761E8972B4001BB9A9 /* Assets.xcassets */,
				9E72267B1E8972B4001BB9A9 /* Info.plist */,
				9E774E07209A0C2C0071493B /* Localizable.strings */,
				9E774E0F209A147D0071493B /* InfoPlist.strings */,
			);
			path = ZPhoto;
			sourceTree = "<group>";
		};
		9E7226831E8972B4001BB9A9 /* ZPhotoTests */ = {
			isa = PBXGroup;
			children = (
				9E7226841E8972B4001BB9A9 /* ZPhotoTests.swift */,
				9E7226861E8972B4001BB9A9 /* Info.plist */,
			);
			path = ZPhotoTests;
			sourceTree = "<group>";
		};
		9E72268E1E8972B4001BB9A9 /* ZPhotoUITests */ = {
			isa = PBXGroup;
			children = (
				9E72268F1E8972B4001BB9A9 /* ZPhotoUITests.swift */,
				9E7226911E8972B4001BB9A9 /* Info.plist */,
			);
			path = ZPhotoUITests;
			sourceTree = "<group>";
		};
		9EA86C6D2216B31C00088AD8 /* Main */ = {
			isa = PBXGroup;
			children = (
				9ECE7BE9222523CD00FE6BCD /* SPMainVC.swift */,
			);
			path = Main;
			sourceTree = "<group>";
		};
		9EAD4B8622C74972007D7BB3 /* Video */ = {
			isa = PBXGroup;
			children = (
				9EAD4B8722C74972007D7BB3 /* Controller */,
				9EAD4B8E22C74972007D7BB3 /* Model */,
				9EAD4B9322C74972007D7BB3 /* View */,
			);
			path = Video;
			sourceTree = "<group>";
		};
		9EAD4B8722C74972007D7BB3 /* Controller */ = {
			isa = PBXGroup;
			children = (
				9EAD4B8822C74972007D7BB3 /* SPVideoVC.swift */,
				9EAD4B8922C74972007D7BB3 /* SPVideoUpendVC.swift */,
				9EAD4BB022C9E096007D7BB3 /* SPVideoUpendIndexVC.swift */,
				9EAD4B8A22C74972007D7BB3 /* SPRecordVideoVC.swift */,
				9EAD4B8B22C74972007D7BB3 /* SPVideoListVC.swift */,
				9EAD4B8C22C74972007D7BB3 /* SPVideoPlayVC.swift */,
				9EAD4B8D22C74972007D7BB3 /* SPVideoEditVC.swift */,
				9EAD4BB222C9E347007D7BB3 /* SPVideoSelectEditVC.swift */,
				9EAD4BA622C74A16007D7BB3 /* SPVideoSelectVC.swift */,
				9EECDB3423226104008F6CBE /* SPVideoSplicingVC.swift */,
				9EECDB362322611F008F6CBE /* SPVideoSplicingSelectVC.swift */,
			);
			path = Controller;
			sourceTree = "<group>";
		};
		9EAD4B8E22C74972007D7BB3 /* Model */ = {
			isa = PBXGroup;
			children = (
				9EAD4B8F22C74972007D7BB3 /* SPRecordVideoData.swift */,
				9EAD4B9022C74972007D7BB3 /* SPRecordVideoManager.swift */,
				9EAD4B9122C74972007D7BB3 /* SPVideoModel.swift */,
				9EAD4B9222C74972007D7BB3 /* SPVideoHelp.swift */,
				9EECDB4023261DF8008F6CBE /* SPVideoSplicingHelp.swift */,
			);
			path = Model;
			sourceTree = "<group>";
		};
		9EAD4B9322C74972007D7BB3 /* View */ = {
			isa = PBXGroup;
			children = (
				9EAD4B9422C74972007D7BB3 /* SPVideoScheduleView.swift */,
				9EAD4B9522C74972007D7BB3 /* SPVideoPlayView.swift */,
				9EAD4B9622C74972007D7BB3 /* SPVideoCollectionCell.swift */,
				9EAD4B9722C74972007D7BB3 /* SPFilterView.swift */,
				9EAD4BAE22C9DD71007D7BB3 /* SPVideoSelectCollectionCell.swift */,
				9EECDB3A2323880C008F6CBE /* SPVideoLayoutView.swift */,
				9EECDB532329E39D008F6CBE /* SPVideoSplicingLayoutView.swift */,
			);
			path = View;
			sourceTree = "<group>";
		};
		9ECE7BEF2227B80300FE6BCD /* Utility */ = {
			isa = PBXGroup;
			children = (
				9ECE7BF02227B80300FE6BCD /* Other */,
				9ECE7BFE2227B80300FE6BCD /* Controller */,
				9ECE7C012227B80300FE6BCD /* View */,
			);
			path = Utility;
			sourceTree = "<group>";
		};
		9ECE7BF02227B80300FE6BCD /* Other */ = {
			isa = PBXGroup;
			children = (
				9ECE7BF32227B80300FE6BCD /* CIFilter+extension.swift */,
				9ECE7BF42227B80300FE6BCD /* UIImageManager.swift */,
				9ECE7BF52227B80300FE6BCD /* FileManager+extension.swift */,
				9ECE7BF72227B80300FE6BCD /* SPEnum.swift */,
				9ECE7BF92227B80300FE6BCD /* SPPublicHeader.swift */,
			);
			path = Other;
			sourceTree = "<group>";
		};
		9ECE7BFE2227B80300FE6BCD /* Controller */ = {
			isa = PBXGroup;
			children = (
				9ECE7BFF2227B80300FE6BCD /* SPBaseVC.swift */,
				9ECE7C002227B80300FE6BCD /* SPBaseNavVC.swift */,
				9EECDB3C23239619008F6CBE /* SPDragVC.swift */,
			);
			path = Controller;
			sourceTree = "<group>";
		};
		9ECE7C012227B80300FE6BCD /* View */ = {
			isa = PBXGroup;
			children = (
				9ECE7C022227B80300FE6BCD /* SPPentagonView.swift */,
				9ECE7C042227B80300FE6BCD /* SPAnimationView.swift */,
				9ECE7C052227B80300FE6BCD /* SPVideoPreviewLayerView.swift */,
				9EECDB382323555D008F6CBE /* SPNavItemBtnView.swift */,
				9EECDB3E23239666008F6CBE /* SPDragCollectionCell.swift */,
				9EEE51762340464500AEEE7A /* SPShowToast.swift */,
			);
			path = View;
			sourceTree = "<group>";
		};
/* End PBXGroup section */

/* Begin PBXNativeTarget section */
		9E72266B1E8972B4001BB9A9 /* ZPhoto */ = {
			isa = PBXNativeTarget;
			buildConfigurationList = 9E7226941E8972B4001BB9A9 /* Build configuration list for PBXNativeTarget "ZPhoto" */;
			buildPhases = (
				D6FBFBD3C126356C121E9D4F /* [CP] Check Pods Manifest.lock */,
				9E7226681E8972B4001BB9A9 /* Sources */,
				9E7226691E8972B4001BB9A9 /* Frameworks */,
				9E72266A1E8972B4001BB9A9 /* Resources */,
				AB8869EF72E19E634CA5AC30 /* [CP] Embed Pods Frameworks */,
			);
			buildRules = (
			);
			dependencies = (
			);
			name = ZPhoto;
			productName = ZPhoto;
			productReference = 9E72266C1E8972B4001BB9A9 /* ZPhoto.app */;
			productType = "com.apple.product-type.application";
		};
		9E72267F1E8972B4001BB9A9 /* ZPhotoTests */ = {
			isa = PBXNativeTarget;
			buildConfigurationList = 9E7226971E8972B4001BB9A9 /* Build configuration list for PBXNativeTarget "ZPhotoTests" */;
			buildPhases = (
				336C98C50F29C1E0EEFDBE9C /* [CP] Check Pods Manifest.lock */,
				9E72267C1E8972B4001BB9A9 /* Sources */,
				9E72267D1E8972B4001BB9A9 /* Frameworks */,
				9E72267E1E8972B4001BB9A9 /* Resources */,
			);
			buildRules = (
			);
			dependencies = (
				9E7226821E8972B4001BB9A9 /* PBXTargetDependency */,
			);
			name = ZPhotoTests;
			productName = ZPhotoTests;
			productReference = 9E7226801E8972B4001BB9A9 /* ZPhotoTests.xctest */;
			productType = "com.apple.product-type.bundle.unit-test";
		};
		9E72268A1E8972B4001BB9A9 /* ZPhotoUITests */ = {
			isa = PBXNativeTarget;
			buildConfigurationList = 9E72269A1E8972B4001BB9A9 /* Build configuration list for PBXNativeTarget "ZPhotoUITests" */;
			buildPhases = (
				A6C6DFDEC4510FF0DE551740 /* [CP] Check Pods Manifest.lock */,
				9E7226871E8972B4001BB9A9 /* Sources */,
				9E7226881E8972B4001BB9A9 /* Frameworks */,
				9E7226891E8972B4001BB9A9 /* Resources */,
			);
			buildRules = (
			);
			dependencies = (
				9E72268D1E8972B4001BB9A9 /* PBXTargetDependency */,
			);
			name = ZPhotoUITests;
			productName = ZPhotoUITests;
			productReference = 9E72268B1E8972B4001BB9A9 /* ZPhotoUITests.xctest */;
			productType = "com.apple.product-type.bundle.ui-testing";
		};
/* End PBXNativeTarget section */

/* Begin PBXProject section */
		9E7226641E8972B4001BB9A9 /* Project object */ = {
			isa = PBXProject;
			attributes = {
				CLASSPREFIX = SP;
				LastSwiftUpdateCheck = 0820;
				LastUpgradeCheck = 0820;
				ORGANIZATIONNAME = huangshupeng;
				TargetAttributes = {
					9E72266B1E8972B4001BB9A9 = {
						CreatedOnToolsVersion = 8.2;
						DevelopmentTeam = 2X8ED8ZMS2;
						ProvisioningStyle = Manual;
						SystemCapabilities = {
							com.apple.BackgroundModes = {
								enabled = 0;
							};
						};
					};
					9E72267F1E8972B4001BB9A9 = {
						CreatedOnToolsVersion = 8.2;
						ProvisioningStyle = Automatic;
						TestTargetID = 9E72266B1E8972B4001BB9A9;
					};
					9E72268A1E8972B4001BB9A9 = {
						CreatedOnToolsVersion = 8.2;
						ProvisioningStyle = Automatic;
						TestTargetID = 9E72266B1E8972B4001BB9A9;
					};
				};
			};
			buildConfigurationList = 9E7226671E8972B4001BB9A9 /* Build configuration list for PBXProject "ZPhoto" */;
			compatibilityVersion = "Xcode 3.2";
			developmentRegion = English;
			hasScannedForEncodings = 0;
			knownRegions = (
				English,
				en,
				Base,
				"zh-Hans",
			);
			mainGroup = 9E7226631E8972B4001BB9A9;
			productRefGroup = 9E72266D1E8972B4001BB9A9 /* Products */;
			projectDirPath = "";
			projectRoot = "";
			targets = (
				9E72266B1E8972B4001BB9A9 /* ZPhoto */,
				9E72267F1E8972B4001BB9A9 /* ZPhotoTests */,
				9E72268A1E8972B4001BB9A9 /* ZPhotoUITests */,
			);
		};
/* End PBXProject section */

/* Begin PBXResourcesBuildPhase section */
		9E72266A1E8972B4001BB9A9 /* Resources */ = {
			isa = PBXResourcesBuildPhase;
			buildActionMask = 2147483647;
			files = (
				9E7226771E8972B4001BB9A9 /* Assets.xcassets in Resources */,
				9E3E166722FE601100BF48E9 /* SPColor.plist in Resources */,
				9E774E05209A0C2C0071493B /* Localizable.strings in Resources */,
				9E774E0D209A147D0071493B /* InfoPlist.strings in Resources */,
			);
			runOnlyForDeploymentPostprocessing = 0;
		};
		9E72267E1E8972B4001BB9A9 /* Resources */ = {
			isa = PBXResourcesBuildPhase;
			buildActionMask = 2147483647;
			files = (
			);
			runOnlyForDeploymentPostprocessing = 0;
		};
		9E7226891E8972B4001BB9A9 /* Resources */ = {
			isa = PBXResourcesBuildPhase;
			buildActionMask = 2147483647;
			files = (
			);
			runOnlyForDeploymentPostprocessing = 0;
		};
/* End PBXResourcesBuildPhase section */

/* Begin PBXShellScriptBuildPhase section */
		336C98C50F29C1E0EEFDBE9C /* [CP] Check Pods Manifest.lock */ = {
			isa = PBXShellScriptBuildPhase;
			buildActionMask = 2147483647;
			files = (
			);
			inputPaths = (
				"${PODS_PODFILE_DIR_PATH}/Podfile.lock",
				"${PODS_ROOT}/Manifest.lock",
			);
			name = "[CP] Check Pods Manifest.lock";
			outputPaths = (
				"$(DERIVED_FILE_DIR)/Pods-ZPhotoTests-checkManifestLockResult.txt",
			);
			runOnlyForDeploymentPostprocessing = 0;
			shellPath = /bin/sh;
			shellScript = "diff \"${PODS_PODFILE_DIR_PATH}/Podfile.lock\" \"${PODS_ROOT}/Manifest.lock\" > /dev/null\nif [ $? != 0 ] ; then\n    # print error to STDERR\n    echo \"error: The sandbox is not in sync with the Podfile.lock. Run 'pod install' or update your CocoaPods installation.\" >&2\n    exit 1\nfi\n# This output is used by Xcode 'outputs' to avoid re-running this script phase.\necho \"SUCCESS\" > \"${SCRIPT_OUTPUT_FILE_0}\"\n";
			showEnvVarsInLog = 0;
		};
		A6C6DFDEC4510FF0DE551740 /* [CP] Check Pods Manifest.lock */ = {
			isa = PBXShellScriptBuildPhase;
			buildActionMask = 2147483647;
			files = (
			);
			inputPaths = (
				"${PODS_PODFILE_DIR_PATH}/Podfile.lock",
				"${PODS_ROOT}/Manifest.lock",
			);
			name = "[CP] Check Pods Manifest.lock";
			outputPaths = (
				"$(DERIVED_FILE_DIR)/Pods-ZPhotoUITests-checkManifestLockResult.txt",
			);
			runOnlyForDeploymentPostprocessing = 0;
			shellPath = /bin/sh;
			shellScript = "diff \"${PODS_PODFILE_DIR_PATH}/Podfile.lock\" \"${PODS_ROOT}/Manifest.lock\" > /dev/null\nif [ $? != 0 ] ; then\n    # print error to STDERR\n    echo \"error: The sandbox is not in sync with the Podfile.lock. Run 'pod install' or update your CocoaPods installation.\" >&2\n    exit 1\nfi\n# This output is used by Xcode 'outputs' to avoid re-running this script phase.\necho \"SUCCESS\" > \"${SCRIPT_OUTPUT_FILE_0}\"\n";
			showEnvVarsInLog = 0;
		};
		AB8869EF72E19E634CA5AC30 /* [CP] Embed Pods Frameworks */ = {
			isa = PBXShellScriptBuildPhase;
			buildActionMask = 2147483647;
			files = (
			);
			inputPaths = (
				"${PODS_ROOT}/Target Support Files/Pods-ZPhoto/Pods-ZPhoto-frameworks.sh",
				"${BUILT_PRODUCTS_DIR}/Alamofire/Alamofire.framework",
				"${BUILT_PRODUCTS_DIR}/MBProgressHUD/MBProgressHUD.framework",
				"${BUILT_PRODUCTS_DIR}/SPCommonLibrary/SPCommonLibrary.framework",
				"${BUILT_PRODUCTS_DIR}/SnapKit/SnapKit.framework",
			);
			name = "[CP] Embed Pods Frameworks";
			outputPaths = (
				"${TARGET_BUILD_DIR}/${FRAMEWORKS_FOLDER_PATH}/Alamofire.framework",
				"${TARGET_BUILD_DIR}/${FRAMEWORKS_FOLDER_PATH}/MBProgressHUD.framework",
				"${TARGET_BUILD_DIR}/${FRAMEWORKS_FOLDER_PATH}/SPCommonLibrary.framework",
				"${TARGET_BUILD_DIR}/${FRAMEWORKS_FOLDER_PATH}/SnapKit.framework",
			);
			runOnlyForDeploymentPostprocessing = 0;
			shellPath = /bin/sh;
			shellScript = "\"${PODS_ROOT}/Target Support Files/Pods-ZPhoto/Pods-ZPhoto-frameworks.sh\"\n";
			showEnvVarsInLog = 0;
		};
		D6FBFBD3C126356C121E9D4F /* [CP] Check Pods Manifest.lock */ = {
			isa = PBXShellScriptBuildPhase;
			buildActionMask = 2147483647;
			files = (
			);
			inputPaths = (
				"${PODS_PODFILE_DIR_PATH}/Podfile.lock",
				"${PODS_ROOT}/Manifest.lock",
			);
			name = "[CP] Check Pods Manifest.lock";
			outputPaths = (
				"$(DERIVED_FILE_DIR)/Pods-ZPhoto-checkManifestLockResult.txt",
			);
			runOnlyForDeploymentPostprocessing = 0;
			shellPath = /bin/sh;
			shellScript = "diff \"${PODS_PODFILE_DIR_PATH}/Podfile.lock\" \"${PODS_ROOT}/Manifest.lock\" > /dev/null\nif [ $? != 0 ] ; then\n    # print error to STDERR\n    echo \"error: The sandbox is not in sync with the Podfile.lock. Run 'pod install' or update your CocoaPods installation.\" >&2\n    exit 1\nfi\n# This output is used by Xcode 'outputs' to avoid re-running this script phase.\necho \"SUCCESS\" > \"${SCRIPT_OUTPUT_FILE_0}\"\n";
			showEnvVarsInLog = 0;
		};
/* End PBXShellScriptBuildPhase section */

/* Begin PBXSourcesBuildPhase section */
		9E7226681E8972B4001BB9A9 /* Sources */ = {
			isa = PBXSourcesBuildPhase;
			buildActionMask = 2147483647;
			files = (
				9EA4432E231CAE1700B4E1FE /* SPTextEditView.swift in Sources */,
				9EAD4B9B22C74973007D7BB3 /* SPVideoListVC.swift in Sources */,
				9ECE7BEA222523CD00FE6BCD /* SPMainVC.swift in Sources */,
				9ECE7C152227B80300FE6BCD /* SPPentagonView.swift in Sources */,
				9EA4432C2317D06000B4E1FE /* SPTextToolView.swift in Sources */,
				9ECE7C082227B80300FE6BCD /* CIFilter+extension.swift in Sources */,
				9EECDB542329E39D008F6CBE /* SPVideoSplicingLayoutView.swift in Sources */,
				9EECDB372322611F008F6CBE /* SPVideoSplicingSelectVC.swift in Sources */,
				9E622E18225D8EAB00722FD8 /* SPCustomPictureView.swift in Sources */,
				9EA44336231D20E300B4E1FE /* SPFilmVC.swift in Sources */,
				9E2D90A1225C849600299C15 /* SPCameraVC.swift in Sources */,
				9E2D90A2225C849600299C15 /* SPPhotoSplicingVC.swift in Sources */,
				9E7B1BCA23040A2E00146422 /* SPLongGraphVC.swift in Sources */,
				9E6A5027228AAD520021D17F /* SPTmpVC.swift in Sources */,
				9EECDB56232A4F5E008F6CBE /* SPCameraHelp.swift in Sources */,
				9ECE7C182227B80300FE6BCD /* SPVideoPreviewLayerView.swift in Sources */,
				9E2D90A5225C849600299C15 /* SPPhotoListVC.swift in Sources */,
				9E7168A61F659B8400BB7C01 /* SPFilterModel.swift in Sources */,
				9EA443282317C57100B4E1FE /* SPPhotoFrameView.swift in Sources */,
				9EAD4B9E22C74973007D7BB3 /* SPRecordVideoData.swift in Sources */,
				9E2D90AA225C849600299C15 /* SPPhotoListCollectionCell.swift in Sources */,
				9ECE7C092227B80300FE6BCD /* UIImageManager.swift in Sources */,
				9E07234B22D71CFF00E5068A /* SPSetVC.swift in Sources */,
				9EECDB3B2323880C008F6CBE /* SPVideoLayoutView.swift in Sources */,
				9EECDB332320F926008F6CBE /* SPFilmTimeView.swift in Sources */,
				9EAD4BB322C9E347007D7BB3 /* SPVideoSelectEditVC.swift in Sources */,
				9E3E165A22FD7D0E00BF48E9 /* SPPhotoSplicingSeven.swift in Sources */,
				9E3E165C22FD7F6800BF48E9 /* SPPhotoSplicingSix.swift in Sources */,
				9EAD4B9F22C74973007D7BB3 /* SPRecordVideoManager.swift in Sources */,
				9EECDB3D23239619008F6CBE /* SPDragVC.swift in Sources */,
				9E3E166422FD7F8900BF48E9 /* SPPhotoSplicingTwo.swift in Sources */,
				9E3E166222FD7F8200BF48E9 /* SPPhotoSplicingThree.swift in Sources */,
				9EA443262317BBF700B4E1FE /* SPLongGraphLayoutView.swift in Sources */,
				9EA44334231D1CF000B4E1FE /* SPFontNameView.swift in Sources */,
				9E2D90A8225C849600299C15 /* SPPhotoModel.swift in Sources */,
				9EAD4B9922C74973007D7BB3 /* SPVideoUpendVC.swift in Sources */,
				9EAD4BA722C74A16007D7BB3 /* SPVideoSelectVC.swift in Sources */,
				9E3E166022FD7F7A00BF48E9 /* SPPhotoSplicingFour.swift in Sources */,
				9EA44338231DF64900B4E1FE /* SPFilmManager.swift in Sources */,
				9E2D90A7225C849600299C15 /* SPPhotoHelp.swift in Sources */,
				9EAD4B9A22C74973007D7BB3 /* SPRecordVideoVC.swift in Sources */,
				9EAD4BAF22C9DD71007D7BB3 /* SPVideoSelectCollectionCell.swift in Sources */,
				9EAD4BA522C74973007D7BB3 /* SPFilterView.swift in Sources */,
				9E07234D22D722DA00E5068A /* SPSetModel.swift in Sources */,
				9EAD4BA122C74973007D7BB3 /* SPVideoHelp.swift in Sources */,
				9E5E27AF22C4C2C4006F9E66 /* SPBackgroundView.swift in Sources */,
				9EECDB4123261DF8008F6CBE /* SPVideoSplicingHelp.swift in Sources */,
				9EECDB442328858B008F6CBE /* SPSelectView.swift in Sources */,
				9ECE7C142227B80300FE6BCD /* SPBaseNavVC.swift in Sources */,
				9E2D90A4225C849600299C15 /* SPPhotoBrowseVC.swift in Sources */,
				9EAD4BB122C9E096007D7BB3 /* SPVideoUpendIndexVC.swift in Sources */,
				9E2D909F225C849600299C15 /* SPPhotoVC.swift in Sources */,
				9EA44332231D1CF000B4E1FE /* SPColorView.swift in Sources */,
				9ECE7C0A2227B80300FE6BCD /* FileManager+extension.swift in Sources */,
				9EAD4B9C22C74973007D7BB3 /* SPVideoPlayVC.swift in Sources */,
				9EECDB3F23239666008F6CBE /* SPDragCollectionCell.swift in Sources */,
				9E2D90A0225C849600299C15 /* SPPhotoSelectVC.swift in Sources */,
				9EA44333231D1CF000B4E1FE /* SPSliderView.swift in Sources */,
				9E71FDFF227EEF0A00C588C5 /* SPToolModel.swift in Sources */,
				9EA4432223176FA500B4E1FE /* SPPhotoToolView.swift in Sources */,
				9E464ACF22C063E700F2E6DE /* SPPhotoSplicingHelp.swift in Sources */,
				9EAD4B9D22C74973007D7BB3 /* SPVideoEditVC.swift in Sources */,
				9E3E165E22FD7F7300BF48E9 /* SPPhotoSplicingFive.swift in Sources */,
				9EEE51772340464500AEEE7A /* SPShowToast.swift in Sources */,
				9E3E165822FD4C5300BF48E9 /* SPPhotoSplicingEight.swift in Sources */,
				9E7226701E8972B4001BB9A9 /* AppDelegate.swift in Sources */,
				9EA4432A2317D00B00B4E1FE /* SPTextView.swift in Sources */,
				9E07234F22D9770000E5068A /* SPPhotoSplicingNine.swift in Sources */,
				9EAD4BA422C74973007D7BB3 /* SPVideoCollectionCell.swift in Sources */,
				9EAD4BA222C74973007D7BB3 /* SPVideoScheduleView.swift in Sources */,
				9EECDB3523226104008F6CBE /* SPVideoSplicingVC.swift in Sources */,
				9EECDB392323555D008F6CBE /* SPNavItemBtnView.swift in Sources */,
				9E2D90A3225C849600299C15 /* SPPhotoEditVC.swift in Sources */,
				9ECE7C0E2227B80300FE6BCD /* SPPublicHeader.swift in Sources */,
				9E464ACD22BCC7D400F2E6DE /* SPLayoutView.swift in Sources */,
				9EAD4BA322C74973007D7BB3 /* SPVideoPlayView.swift in Sources */,
				9E2D90A9225C849600299C15 /* SPCameraBtnView.swift in Sources */,
				9EB9868022B7216C006791D5 /* SPPhotoEditToolView.swift in Sources */,
				9E7168A81F659F5A00BB7C01 /* SPFilterEnum.swift in Sources */,
				9EAD4B9822C74973007D7BB3 /* SPVideoVC.swift in Sources */,
				9ECE7C132227B80300FE6BCD /* SPBaseVC.swift in Sources */,
				9EAD4BA022C74973007D7BB3 /* SPVideoModel.swift in Sources */,
				9ECE7C172227B80300FE6BCD /* SPAnimationView.swift in Sources */,
				9ECE7C0C2227B80300FE6BCD /* SPEnum.swift in Sources */,
				9EB9867E22B4CAFD006791D5 /* SPPhotoListToolView.swift in Sources */,
				9E2D90A6225C849600299C15 /* SPCameraManager.swift in Sources */,
			);
			runOnlyForDeploymentPostprocessing = 0;
		};
		9E72267C1E8972B4001BB9A9 /* Sources */ = {
			isa = PBXSourcesBuildPhase;
			buildActionMask = 2147483647;
			files = (
				9E7226851E8972B4001BB9A9 /* ZPhotoTests.swift in Sources */,
			);
			runOnlyForDeploymentPostprocessing = 0;
		};
		9E7226871E8972B4001BB9A9 /* Sources */ = {
			isa = PBXSourcesBuildPhase;
			buildActionMask = 2147483647;
			files = (
				9E7226901E8972B4001BB9A9 /* ZPhotoUITests.swift in Sources */,
			);
			runOnlyForDeploymentPostprocessing = 0;
		};
/* End PBXSourcesBuildPhase section */

/* Begin PBXTargetDependency section */
		9E7226821E8972B4001BB9A9 /* PBXTargetDependency */ = {
			isa = PBXTargetDependency;
			target = 9E72266B1E8972B4001BB9A9 /* ZPhoto */;
			targetProxy = 9E7226811E8972B4001BB9A9 /* PBXContainerItemProxy */;
		};
		9E72268D1E8972B4001BB9A9 /* PBXTargetDependency */ = {
			isa = PBXTargetDependency;
			target = 9E72266B1E8972B4001BB9A9 /* ZPhoto */;
			targetProxy = 9E72268C1E8972B4001BB9A9 /* PBXContainerItemProxy */;
		};
/* End PBXTargetDependency section */

/* Begin PBXVariantGroup section */
		9E774E07209A0C2C0071493B /* Localizable.strings */ = {
			isa = PBXVariantGroup;
			children = (
				9E774E06209A0C2C0071493B /* en */,
				9E774E08209A0C520071493B /* zh-Hans */,
			);
			name = Localizable.strings;
			sourceTree = "<group>";
		};
		9E774E0F209A147D0071493B /* InfoPlist.strings */ = {
			isa = PBXVariantGroup;
			children = (
				9E774E0E209A147D0071493B /* zh-Hans */,
				9E774E10209A147F0071493B /* en */,
			);
			name = InfoPlist.strings;
			sourceTree = "<group>";
		};
/* End PBXVariantGroup section */

/* Begin XCBuildConfiguration section */
		9E7226921E8972B4001BB9A9 /* Debug */ = {
			isa = XCBuildConfiguration;
			buildSettings = {
				ALWAYS_SEARCH_USER_PATHS = NO;
				CLANG_ANALYZER_LOCALIZABILITY_NONLOCALIZED = YES;
				CLANG_ANALYZER_NONNULL = YES;
				CLANG_CXX_LANGUAGE_STANDARD = "gnu++0x";
				CLANG_CXX_LIBRARY = "libc++";
				CLANG_ENABLE_MODULES = YES;
				CLANG_ENABLE_OBJC_ARC = YES;
				CLANG_WARN_BOOL_CONVERSION = YES;
				CLANG_WARN_CONSTANT_CONVERSION = YES;
				CLANG_WARN_DIRECT_OBJC_ISA_USAGE = YES_ERROR;
				CLANG_WARN_DOCUMENTATION_COMMENTS = YES;
				CLANG_WARN_EMPTY_BODY = YES;
				CLANG_WARN_ENUM_CONVERSION = YES;
				CLANG_WARN_INFINITE_RECURSION = YES;
				CLANG_WARN_INT_CONVERSION = YES;
				CLANG_WARN_OBJC_ROOT_CLASS = YES_ERROR;
				CLANG_WARN_SUSPICIOUS_MOVE = YES;
				CLANG_WARN_UNREACHABLE_CODE = YES;
				CLANG_WARN__DUPLICATE_METHOD_MATCH = YES;
				"CODE_SIGN_IDENTITY[sdk=iphoneos*]" = "iPhone Developer";
				COPY_PHASE_STRIP = NO;
				DEBUG_INFORMATION_FORMAT = dwarf;
				ENABLE_STRICT_OBJC_MSGSEND = YES;
				ENABLE_TESTABILITY = YES;
				GCC_C_LANGUAGE_STANDARD = gnu99;
				GCC_DYNAMIC_NO_PIC = NO;
				GCC_NO_COMMON_BLOCKS = YES;
				GCC_OPTIMIZATION_LEVEL = 0;
				GCC_PREPROCESSOR_DEFINITIONS = (
					"DEBUG=1",
					"$(inherited)",
				);
				GCC_WARN_64_TO_32_BIT_CONVERSION = YES;
				GCC_WARN_ABOUT_RETURN_TYPE = YES_ERROR;
				GCC_WARN_UNDECLARED_SELECTOR = YES;
				GCC_WARN_UNINITIALIZED_AUTOS = YES_AGGRESSIVE;
				GCC_WARN_UNUSED_FUNCTION = YES;
				GCC_WARN_UNUSED_VARIABLE = YES;
				IPHONEOS_DEPLOYMENT_TARGET = 10.2;
				MTL_ENABLE_DEBUG_INFO = YES;
				ONLY_ACTIVE_ARCH = YES;
				SDKROOT = iphoneos;
				SWIFT_ACTIVE_COMPILATION_CONDITIONS = DEBUG;
				SWIFT_OPTIMIZATION_LEVEL = "-Onone";
			};
			name = Debug;
		};
		9E7226931E8972B4001BB9A9 /* Release */ = {
			isa = XCBuildConfiguration;
			buildSettings = {
				ALWAYS_SEARCH_USER_PATHS = NO;
				CLANG_ANALYZER_LOCALIZABILITY_NONLOCALIZED = YES;
				CLANG_ANALYZER_NONNULL = YES;
				CLANG_CXX_LANGUAGE_STANDARD = "gnu++0x";
				CLANG_CXX_LIBRARY = "libc++";
				CLANG_ENABLE_MODULES = YES;
				CLANG_ENABLE_OBJC_ARC = YES;
				CLANG_WARN_BOOL_CONVERSION = YES;
				CLANG_WARN_CONSTANT_CONVERSION = YES;
				CLANG_WARN_DIRECT_OBJC_ISA_USAGE = YES_ERROR;
				CLANG_WARN_DOCUMENTATION_COMMENTS = YES;
				CLANG_WARN_EMPTY_BODY = YES;
				CLANG_WARN_ENUM_CONVERSION = YES;
				CLANG_WARN_INFINITE_RECURSION = YES;
				CLANG_WARN_INT_CONVERSION = YES;
				CLANG_WARN_OBJC_ROOT_CLASS = YES_ERROR;
				CLANG_WARN_SUSPICIOUS_MOVE = YES;
				CLANG_WARN_UNREACHABLE_CODE = YES;
				CLANG_WARN__DUPLICATE_METHOD_MATCH = YES;
				"CODE_SIGN_IDENTITY[sdk=iphoneos*]" = "iPhone Developer";
				COPY_PHASE_STRIP = NO;
				DEBUG_INFORMATION_FORMAT = "dwarf-with-dsym";
				ENABLE_NS_ASSERTIONS = NO;
				ENABLE_STRICT_OBJC_MSGSEND = YES;
				GCC_C_LANGUAGE_STANDARD = gnu99;
				GCC_NO_COMMON_BLOCKS = YES;
				GCC_WARN_64_TO_32_BIT_CONVERSION = YES;
				GCC_WARN_ABOUT_RETURN_TYPE = YES_ERROR;
				GCC_WARN_UNDECLARED_SELECTOR = YES;
				GCC_WARN_UNINITIALIZED_AUTOS = YES_AGGRESSIVE;
				GCC_WARN_UNUSED_FUNCTION = YES;
				GCC_WARN_UNUSED_VARIABLE = YES;
				IPHONEOS_DEPLOYMENT_TARGET = 10.2;
				MTL_ENABLE_DEBUG_INFO = NO;
				SDKROOT = iphoneos;
				SWIFT_OPTIMIZATION_LEVEL = "-Owholemodule";
				VALIDATE_PRODUCT = YES;
			};
			name = Release;
		};
		9E7226951E8972B4001BB9A9 /* Debug */ = {
			isa = XCBuildConfiguration;
			baseConfigurationReference = 37B2953C120C1B91174FA422 /* Pods-ZPhoto.debug.xcconfig */;
			buildSettings = {
				ASSETCATALOG_COMPILER_APPICON_NAME = AppIcon;
				ASSETCATALOG_COMPILER_LAUNCHIMAGE_NAME = LaunchImage;
				CODE_SIGN_IDENTITY = "iPhone Developer";
				"CODE_SIGN_IDENTITY[sdk=iphoneos*]" = "iPhone Developer";
				CURRENT_PROJECT_VERSION = 2019092902;
				DEVELOPMENT_TEAM = 2X8ED8ZMS2;
				INFOPLIST_FILE = ZPhoto/Info.plist;
				IPHONEOS_DEPLOYMENT_TARGET = 10.0;
				LD_RUNPATH_SEARCH_PATHS = "$(inherited) @executable_path/Frameworks";
				MARKETING_VERSION = 2.0.1;
				OTHER_SWIFT_FLAGS = "$(inherited) \"-D\" \"COCOAPODS\"";
				PRODUCT_BUNDLE_IDENTIFIER = com.huangshp.ZPhoto;
				PRODUCT_NAME = "$(TARGET_NAME)";
				PROVISIONING_PROFILE = "e6310527-79c3-45b7-8e15-d49cc71171eb";
				PROVISIONING_PROFILE_SPECIFIER = ZPhotoDev;
				SWIFT_VERSION = 4.2;
				TARGETED_DEVICE_FAMILY = 1;
			};
			name = Debug;
		};
		9E7226961E8972B4001BB9A9 /* Release */ = {
			isa = XCBuildConfiguration;
			baseConfigurationReference = A85288069D2AB5B5DEA771C3 /* Pods-ZPhoto.release.xcconfig */;
			buildSettings = {
				ASSETCATALOG_COMPILER_APPICON_NAME = AppIcon;
				ASSETCATALOG_COMPILER_LAUNCHIMAGE_NAME = LaunchImage;
				CODE_SIGN_IDENTITY = "iPhone Distribution: shupeng Technology Park Xili private quarters (2X8ED8ZMS2)";
				"CODE_SIGN_IDENTITY[sdk=iphoneos*]" = "iPhone Distribution: shupeng Technology Park Xili private quarters (2X8ED8ZMS2)";
				CURRENT_PROJECT_VERSION = 2019092902;
				DEVELOPMENT_TEAM = 2X8ED8ZMS2;
				INFOPLIST_FILE = ZPhoto/Info.plist;
				IPHONEOS_DEPLOYMENT_TARGET = 10.0;
				LD_RUNPATH_SEARCH_PATHS = "$(inherited) @executable_path/Frameworks";
				MARKETING_VERSION = 2.0.1;
				OTHER_SWIFT_FLAGS = "$(inherited) \"-D\" \"COCOAPODS\"";
				PRODUCT_BUNDLE_IDENTIFIER = com.huangshp.ZPhoto;
				PRODUCT_NAME = "$(TARGET_NAME)";
				PROVISIONING_PROFILE = "3f93c631-f4ac-4374-b173-8a0a25fde743";
				PROVISIONING_PROFILE_SPECIFIER = ZPhotoAPPStore;
				SWIFT_VERSION = 4.2;
				TARGETED_DEVICE_FAMILY = 1;
			};
			name = Release;
		};
		9E7226981E8972B4001BB9A9 /* Debug */ = {
			isa = XCBuildConfiguration;
			baseConfigurationReference = C51E104DB0F1870B26D77C6B /* Pods-ZPhotoTests.debug.xcconfig */;
			buildSettings = {
				ALWAYS_EMBED_SWIFT_STANDARD_LIBRARIES = YES;
				BUNDLE_LOADER = "$(TEST_HOST)";
				INFOPLIST_FILE = ZPhotoTests/Info.plist;
				LD_RUNPATH_SEARCH_PATHS = "$(inherited) @executable_path/Frameworks @loader_path/Frameworks";
				PRODUCT_BUNDLE_IDENTIFIER = com.huangshp.ZPhotoTests;
				PRODUCT_NAME = "$(TARGET_NAME)";
				SWIFT_VERSION = 4.0;
				TEST_HOST = "$(BUILT_PRODUCTS_DIR)/ZPhoto.app/ZPhoto";
			};
			name = Debug;
		};
		9E7226991E8972B4001BB9A9 /* Release */ = {
			isa = XCBuildConfiguration;
			baseConfigurationReference = F183CFE9FF0D101A7BFCC189 /* Pods-ZPhotoTests.release.xcconfig */;
			buildSettings = {
				ALWAYS_EMBED_SWIFT_STANDARD_LIBRARIES = YES;
				BUNDLE_LOADER = "$(TEST_HOST)";
				INFOPLIST_FILE = ZPhotoTests/Info.plist;
				LD_RUNPATH_SEARCH_PATHS = "$(inherited) @executable_path/Frameworks @loader_path/Frameworks";
				PRODUCT_BUNDLE_IDENTIFIER = com.huangshp.ZPhotoTests;
				PRODUCT_NAME = "$(TARGET_NAME)";
				SWIFT_VERSION = 4.0;
				TEST_HOST = "$(BUILT_PRODUCTS_DIR)/ZPhoto.app/ZPhoto";
			};
			name = Release;
		};
		9E72269B1E8972B4001BB9A9 /* Debug */ = {
			isa = XCBuildConfiguration;
			baseConfigurationReference = 07BA85C69A0AADC582A26091 /* Pods-ZPhotoUITests.debug.xcconfig */;
			buildSettings = {
				ALWAYS_EMBED_SWIFT_STANDARD_LIBRARIES = YES;
				INFOPLIST_FILE = ZPhotoUITests/Info.plist;
				LD_RUNPATH_SEARCH_PATHS = "$(inherited) @executable_path/Frameworks @loader_path/Frameworks";
				PRODUCT_BUNDLE_IDENTIFIER = com.huangshp.ZPhotoUITests;
				PRODUCT_NAME = "$(TARGET_NAME)";
				SWIFT_VERSION = 4.0;
				TEST_TARGET_NAME = ZPhoto;
			};
			name = Debug;
		};
		9E72269C1E8972B4001BB9A9 /* Release */ = {
			isa = XCBuildConfiguration;
			baseConfigurationReference = 3C693C2DF867F8838AC46338 /* Pods-ZPhotoUITests.release.xcconfig */;
			buildSettings = {
				ALWAYS_EMBED_SWIFT_STANDARD_LIBRARIES = YES;
				INFOPLIST_FILE = ZPhotoUITests/Info.plist;
				LD_RUNPATH_SEARCH_PATHS = "$(inherited) @executable_path/Frameworks @loader_path/Frameworks";
				PRODUCT_BUNDLE_IDENTIFIER = com.huangshp.ZPhotoUITests;
				PRODUCT_NAME = "$(TARGET_NAME)";
				SWIFT_VERSION = 4.0;
				TEST_TARGET_NAME = ZPhoto;
			};
			name = Release;
		};
/* End XCBuildConfiguration section */

/* Begin XCConfigurationList section */
		9E7226671E8972B4001BB9A9 /* Build configuration list for PBXProject "ZPhoto" */ = {
			isa = XCConfigurationList;
			buildConfigurations = (
				9E7226921E8972B4001BB9A9 /* Debug */,
				9E7226931E8972B4001BB9A9 /* Release */,
			);
			defaultConfigurationIsVisible = 0;
			defaultConfigurationName = Release;
		};
		9E7226941E8972B4001BB9A9 /* Build configuration list for PBXNativeTarget "ZPhoto" */ = {
			isa = XCConfigurationList;
			buildConfigurations = (
				9E7226951E8972B4001BB9A9 /* Debug */,
				9E7226961E8972B4001BB9A9 /* Release */,
			);
			defaultConfigurationIsVisible = 0;
			defaultConfigurationName = Release;
		};
		9E7226971E8972B4001BB9A9 /* Build configuration list for PBXNativeTarget "ZPhotoTests" */ = {
			isa = XCConfigurationList;
			buildConfigurations = (
				9E7226981E8972B4001BB9A9 /* Debug */,
				9E7226991E8972B4001BB9A9 /* Release */,
			);
			defaultConfigurationIsVisible = 0;
			defaultConfigurationName = Release;
		};
		9E72269A1E8972B4001BB9A9 /* Build configuration list for PBXNativeTarget "ZPhotoUITests" */ = {
			isa = XCConfigurationList;
			buildConfigurations = (
				9E72269B1E8972B4001BB9A9 /* Debug */,
				9E72269C1E8972B4001BB9A9 /* Release */,
			);
			defaultConfigurationIsVisible = 0;
			defaultConfigurationName = Release;
		};
/* End XCConfigurationList section */
	};
	rootObject = 9E7226641E8972B4001BB9A9 /* Project object */;
}
